// !$*UTF8*$!
{
	archiveVersion = 1;
	classes = {
	};
	objectVersion = 56;
	objects = {

/* Begin PBXBuildFile section */
		F6C33A442A98EBA6001E3AF2 /* AppDelegate.swift in Sources */ = {isa = PBXBuildFile; fileRef = F6C33A432A98EBA6001E3AF2 /* AppDelegate.swift */; };
		F6C33A462A98EBA6001E3AF2 /* SceneDelegate.swift in Sources */ = {isa = PBXBuildFile; fileRef = F6C33A452A98EBA6001E3AF2 /* SceneDelegate.swift */; };
		F6C33A482A98EBA6001E3AF2 /* ViewController.swift in Sources */ = {isa = PBXBuildFile; fileRef = F6C33A472A98EBA6001E3AF2 /* ViewController.swift */; };
		F6C33A4B2A98EBA6001E3AF2 /* Main.storyboard in Resources */ = {isa = PBXBuildFile; fileRef = F6C33A492A98EBA6001E3AF2 /* Main.storyboard */; };
		F6C33A4D2A98EBA8001E3AF2 /* Assets.xcassets in Resources */ = {isa = PBXBuildFile; fileRef = F6C33A4C2A98EBA8001E3AF2 /* Assets.xcassets */; };
		F6C33A502A98EBA8001E3AF2 /* LaunchScreen.storyboard in Resources */ = {isa = PBXBuildFile; fileRef = F6C33A4E2A98EBA8001E3AF2 /* LaunchScreen.storyboard */; };
		F6C33A5B2A98EBA8001E3AF2 /* Project8Tests.swift in Sources */ = {isa = PBXBuildFile; fileRef = F6C33A5A2A98EBA8001E3AF2 /* Project8Tests.swift */; };
		F6C33A652A98EBA8001E3AF2 /* Project8UITests.swift in Sources */ = {isa = PBXBuildFile; fileRef = F6C33A642A98EBA8001E3AF2 /* Project8UITests.swift */; };
		F6C33A672A98EBA8001E3AF2 /* Project8UITestsLaunchTests.swift in Sources */ = {isa = PBXBuildFile; fileRef = F6C33A662A98EBA8001E3AF2 /* Project8UITestsLaunchTests.swift */; };
		F6DFB3FA2A9E27B200328EFE /* level1.txt in Resources */ = {isa = PBXBuildFile; fileRef = F6DFB3F92A9E27B200328EFE /* level1.txt */; };
		F6DFB3FC2A9E27BE00328EFE /* level2.txt in Resources */ = {isa = PBXBuildFile; fileRef = F6DFB3FB2A9E27BE00328EFE /* level2.txt */; };
/* End PBXBuildFile section */

/* Begin PBXContainerItemProxy section */
		F6C33A572A98EBA8001E3AF2 /* PBXContainerItemProxy */ = {
			isa = PBXContainerItemProxy;
			containerPortal = F6C33A382A98EBA6001E3AF2 /* Project object */;
			proxyType = 1;
			remoteGlobalIDString = F6C33A3F2A98EBA6001E3AF2;
			remoteInfo = Project8;
		};
		F6C33A612A98EBA8001E3AF2 /* PBXContainerItemProxy */ = {
			isa = PBXContainerItemProxy;
			containerPortal = F6C33A382A98EBA6001E3AF2 /* Project object */;
			proxyType = 1;
			remoteGlobalIDString = F6C33A3F2A98EBA6001E3AF2;
			remoteInfo = Project8;
		};
/* End PBXContainerItemProxy section */

/* Begin PBXFileReference section */
		F6C33A402A98EBA6001E3AF2 /* Project8.app */ = {isa = PBXFileReference; explicitFileType = wrapper.application; includeInIndex = 0; path = Project8.app; sourceTree = BUILT_PRODUCTS_DIR; };
		F6C33A432A98EBA6001E3AF2 /* AppDelegate.swift */ = {isa = PBXFileReference; lastKnownFileType = sourcecode.swift; path = AppDelegate.swift; sourceTree = "<group>"; };
		F6C33A452A98EBA6001E3AF2 /* SceneDelegate.swift */ = {isa = PBXFileReference; lastKnownFileType = sourcecode.swift; path = SceneDelegate.swift; sourceTree = "<group>"; };
		F6C33A472A98EBA6001E3AF2 /* ViewController.swift */ = {isa = PBXFileReference; lastKnownFileType = sourcecode.swift; path = ViewController.swift; sourceTree = "<group>"; };
		F6C33A4A2A98EBA6001E3AF2 /* Base */ = {isa = PBXFileReference; lastKnownFileType = file.storyboard; name = Base; path = Base.lproj/Main.storyboard; sourceTree = "<group>"; };
		F6C33A4C2A98EBA8001E3AF2 /* Assets.xcassets */ = {isa = PBXFileReference; lastKnownFileType = folder.assetcatalog; path = Assets.xcassets; sourceTree = "<group>"; };
		F6C33A4F2A98EBA8001E3AF2 /* Base */ = {isa = PBXFileReference; lastKnownFileType = file.storyboard; name = Base; path = Base.lproj/LaunchScreen.storyboard; sourceTree = "<group>"; };
		F6C33A512A98EBA8001E3AF2 /* Info.plist */ = {isa = PBXFileReference; lastKnownFileType = text.plist.xml; path = Info.plist; sourceTree = "<group>"; };
		F6C33A562A98EBA8001E3AF2 /* Project8Tests.xctest */ = {isa = PBXFileReference; explicitFileType = wrapper.cfbundle; includeInIndex = 0; path = Project8Tests.xctest; sourceTree = BUILT_PRODUCTS_DIR; };
		F6C33A5A2A98EBA8001E3AF2 /* Project8Tests.swift */ = {isa = PBXFileReference; lastKnownFileType = sourcecode.swift; path = Project8Tests.swift; sourceTree = "<group>"; };
		F6C33A602A98EBA8001E3AF2 /* Project8UITests.xctest */ = {isa = PBXFileReference; explicitFileType = wrapper.cfbundle; includeInIndex = 0; path = Project8UITests.xctest; sourceTree = BUILT_PRODUCTS_DIR; };
		F6C33A642A98EBA8001E3AF2 /* Project8UITests.swift */ = {isa = PBXFileReference; lastKnownFileType = sourcecode.swift; path = Project8UITests.swift; sourceTree = "<group>"; };
		F6C33A662A98EBA8001E3AF2 /* Project8UITestsLaunchTests.swift */ = {isa = PBXFileReference; lastKnownFileType = sourcecode.swift; path = Project8UITestsLaunchTests.swift; sourceTree = "<group>"; };
		F6DFB3F92A9E27B200328EFE /* level1.txt */ = {isa = PBXFileReference; fileEncoding = 4; lastKnownFileType = text; path = level1.txt; sourceTree = "<group>"; };
		F6DFB3FB2A9E27BE00328EFE /* level2.txt */ = {isa = PBXFileReference; fileEncoding = 4; lastKnownFileType = text; path = level2.txt; sourceTree = "<group>"; };
/* End PBXFileReference section */

/* Begin PBXFrameworksBuildPhase section */
		F6C33A3D2A98EBA6001E3AF2 /* Frameworks */ = {
			isa = PBXFrameworksBuildPhase;
			buildActionMask = 2147483647;
			files = (
			);
			runOnlyForDeploymentPostprocessing = 0;
		};
		F6C33A532A98EBA8001E3AF2 /* Frameworks */ = {
			isa = PBXFrameworksBuildPhase;
			buildActionMask = 2147483647;
			files = (
			);
			runOnlyForDeploymentPostprocessing = 0;
		};
		F6C33A5D2A98EBA8001E3AF2 /* Frameworks */ = {
			isa = PBXFrameworksBuildPhase;
			buildActionMask = 2147483647;
			files = (
			);
			runOnlyForDeploymentPostprocessing = 0;
		};
/* End PBXFrameworksBuildPhase section */

/* Begin PBXGroup section */
		F6C33A372A98EBA6001E3AF2 = {
			isa = PBXGroup;
			children = (
				F6C33A422A98EBA6001E3AF2 /* Project8 */,
				F6C33A592A98EBA8001E3AF2 /* Project8Tests */,
				F6C33A632A98EBA8001E3AF2 /* Project8UITests */,
				F6C33A412A98EBA6001E3AF2 /* Products */,
			);
			sourceTree = "<group>";
		};
		F6C33A412A98EBA6001E3AF2 /* Products */ = {
			isa = PBXGroup;
			children = (
				F6C33A402A98EBA6001E3AF2 /* Project8.app */,
				F6C33A562A98EBA8001E3AF2 /* Project8Tests.xctest */,
				F6C33A602A98EBA8001E3AF2 /* Project8UITests.xctest */,
			);
			name = Products;
			sourceTree = "<group>";
		};
		F6C33A422A98EBA6001E3AF2 /* Project8 */ = {
			isa = PBXGroup;
			children = (
				F6C33A432A98EBA6001E3AF2 /* AppDelegate.swift */,
				F6C33A452A98EBA6001E3AF2 /* SceneDelegate.swift */,
				F6C33A472A98EBA6001E3AF2 /* ViewController.swift */,
				F6C33A492A98EBA6001E3AF2 /* Main.storyboard */,
				F6C33A4C2A98EBA8001E3AF2 /* Assets.xcassets */,
				F6C33A4E2A98EBA8001E3AF2 /* LaunchScreen.storyboard */,
				F6C33A512A98EBA8001E3AF2 /* Info.plist */,
				F6DFB3F92A9E27B200328EFE /* level1.txt */,
				F6DFB3FB2A9E27BE00328EFE /* level2.txt */,
			);
			path = Project8;
			sourceTree = "<group>";
		};
		F6C33A592A98EBA8001E3AF2 /* Project8Tests */ = {
			isa = PBXGroup;
			children = (
				F6C33A5A2A98EBA8001E3AF2 /* Project8Tests.swift */,
			);
			path = Project8Tests;
			sourceTree = "<group>";
		};
		F6C33A632A98EBA8001E3AF2 /* Project8UITests */ = {
			isa = PBXGroup;
			children = (
				F6C33A642A98EBA8001E3AF2 /* Project8UITests.swift */,
				F6C33A662A98EBA8001E3AF2 /* Project8UITestsLaunchTests.swift */,
			);
			path = Project8UITests;
			sourceTree = "<group>";
		};
/* End PBXGroup section */

/* Begin PBXNativeTarget section */
		F6C33A3F2A98EBA6001E3AF2 /* Project8 */ = {
			isa = PBXNativeTarget;
			buildConfigurationList = F6C33A6A2A98EBA8001E3AF2 /* Build configuration list for PBXNativeTarget "Project8" */;
			buildPhases = (
				F6C33A3C2A98EBA6001E3AF2 /* Sources */,
				F6C33A3D2A98EBA6001E3AF2 /* Frameworks */,
				F6C33A3E2A98EBA6001E3AF2 /* Resources */,
			);
			buildRules = (
			);
			dependencies = (
			);
			name = Project8;
			productName = Project8;
			productReference = F6C33A402A98EBA6001E3AF2 /* Project8.app */;
			productType = "com.apple.product-type.application";
		};
		F6C33A552A98EBA8001E3AF2 /* Project8Tests */ = {
			isa = PBXNativeTarget;
			buildConfigurationList = F6C33A6D2A98EBA8001E3AF2 /* Build configuration list for PBXNativeTarget "Project8Tests" */;
			buildPhases = (
				F6C33A522A98EBA8001E3AF2 /* Sources */,
				F6C33A532A98EBA8001E3AF2 /* Frameworks */,
				F6C33A542A98EBA8001E3AF2 /* Resources */,
			);
			buildRules = (
			);
			dependencies = (
				F6C33A582A98EBA8001E3AF2 /* PBXTargetDependency */,
			);
			name = Project8Tests;
			productName = Project8Tests;
			productReference = F6C33A562A98EBA8001E3AF2 /* Project8Tests.xctest */;
			productType = "com.apple.product-type.bundle.unit-test";
		};
		F6C33A5F2A98EBA8001E3AF2 /* Project8UITests */ = {
			isa = PBXNativeTarget;
			buildConfigurationList = F6C33A702A98EBA8001E3AF2 /* Build configuration list for PBXNativeTarget "Project8UITests" */;
			buildPhases = (
				F6C33A5C2A98EBA8001E3AF2 /* Sources */,
				F6C33A5D2A98EBA8001E3AF2 /* Frameworks */,
				F6C33A5E2A98EBA8001E3AF2 /* Resources */,
			);
			buildRules = (
			);
			dependencies = (
				F6C33A622A98EBA8001E3AF2 /* PBXTargetDependency */,
			);
			name = Project8UITests;
			productName = Project8UITests;
			productReference = F6C33A602A98EBA8001E3AF2 /* Project8UITests.xctest */;
			productType = "com.apple.product-type.bundle.ui-testing";
		};
/* End PBXNativeTarget section */

/* Begin PBXProject section */
		F6C33A382A98EBA6001E3AF2 /* Project object */ = {
			isa = PBXProject;
			attributes = {
				BuildIndependentTargetsInParallel = 1;
				LastSwiftUpdateCheck = 1430;
				LastUpgradeCheck = 1430;
				TargetAttributes = {
					F6C33A3F2A98EBA6001E3AF2 = {
						CreatedOnToolsVersion = 14.3.1;
					};
					F6C33A552A98EBA8001E3AF2 = {
						CreatedOnToolsVersion = 14.3.1;
						TestTargetID = F6C33A3F2A98EBA6001E3AF2;
					};
					F6C33A5F2A98EBA8001E3AF2 = {
						CreatedOnToolsVersion = 14.3.1;
						TestTargetID = F6C33A3F2A98EBA6001E3AF2;
					};
				};
			};
			buildConfigurationList = F6C33A3B2A98EBA6001E3AF2 /* Build configuration list for PBXProject "Project8" */;
			compatibilityVersion = "Xcode 14.0";
			developmentRegion = en;
			hasScannedForEncodings = 0;
			knownRegions = (
				en,
				Base,
			);
			mainGroup = F6C33A372A98EBA6001E3AF2;
			productRefGroup = F6C33A412A98EBA6001E3AF2 /* Products */;
			projectDirPath = "";
			projectRoot = "";
			targets = (
				F6C33A3F2A98EBA6001E3AF2 /* Project8 */,
				F6C33A552A98EBA8001E3AF2 /* Project8Tests */,
				F6C33A5F2A98EBA8001E3AF2 /* Project8UITests */,
			);
		};
/* End PBXProject section */

/* Begin PBXResourcesBuildPhase section */
		F6C33A3E2A98EBA6001E3AF2 /* Resources */ = {
			isa = PBXResourcesBuildPhase;
			buildActionMask = 2147483647;
			files = (
				F6DFB3FC2A9E27BE00328EFE /* level2.txt in Resources */,
				F6C33A502A98EBA8001E3AF2 /* LaunchScreen.storyboard in Resources */,
				F6DFB3FA2A9E27B200328EFE /* level1.txt in Resources */,
				F6C33A4D2A98EBA8001E3AF2 /* Assets.xcassets in Resources */,
				F6C33A4B2A98EBA6001E3AF2 /* Main.storyboard in Resources */,
			);
			runOnlyForDeploymentPostprocessing = 0;
		};
		F6C33A542A98EBA8001E3AF2 /* Resources */ = {
			isa = PBXResourcesBuildPhase;
			buildActionMask = 2147483647;
			files = (
			);
			runOnlyForDeploymentPostprocessing = 0;
		};
		F6C33A5E2A98EBA8001E3AF2 /* Resources */ = {
			isa = PBXResourcesBuildPhase;
			buildActionMask = 2147483647;
			files = (
			);
			runOnlyForDeploymentPostprocessing = 0;
		};
/* End PBXResourcesBuildPhase section */

/* Begin PBXSourcesBuildPhase section */
		F6C33A3C2A98EBA6001E3AF2 /* Sources */ = {
			isa = PBXSourcesBuildPhase;
			buildActionMask = 2147483647;
			files = (
				F6C33A482A98EBA6001E3AF2 /* ViewController.swift in Sources */,
				F6C33A442A98EBA6001E3AF2 /* AppDelegate.swift in Sources */,
				F6C33A462A98EBA6001E3AF2 /* SceneDelegate.swift in Sources */,
			);
			runOnlyForDeploymentPostprocessing = 0;
		};
		F6C33A522A98EBA8001E3AF2 /* Sources */ = {
			isa = PBXSourcesBuildPhase;
			buildActionMask = 2147483647;
			files = (
				F6C33A5B2A98EBA8001E3AF2 /* Project8Tests.swift in Sources */,
			);
			runOnlyForDeploymentPostprocessing = 0;
		};
		F6C33A5C2A98EBA8001E3AF2 /* Sources */ = {
			isa = PBXSourcesBuildPhase;
			buildActionMask = 2147483647;
			files = (
				F6C33A672A98EBA8001E3AF2 /* Project8UITestsLaunchTests.swift in Sources */,
				F6C33A652A98EBA8001E3AF2 /* Project8UITests.swift in Sources */,
			);
			runOnlyForDeploymentPostprocessing = 0;
		};
/* End PBXSourcesBuildPhase section */

/* Begin PBXTargetDependency section */
		F6C33A582A98EBA8001E3AF2 /* PBXTargetDependency */ = {
			isa = PBXTargetDependency;
			target = F6C33A3F2A98EBA6001E3AF2 /* Project8 */;
			targetProxy = F6C33A572A98EBA8001E3AF2 /* PBXContainerItemProxy */;
		};
		F6C33A622A98EBA8001E3AF2 /* PBXTargetDependency */ = {
			isa = PBXTargetDependency;
			target = F6C33A3F2A98EBA6001E3AF2 /* Project8 */;
			targetProxy = F6C33A612A98EBA8001E3AF2 /* PBXContainerItemProxy */;
		};
/* End PBXTargetDependency section */

/* Begin PBXVariantGroup section */
		F6C33A492A98EBA6001E3AF2 /* Main.storyboard */ = {
			isa = PBXVariantGroup;
			children = (
				F6C33A4A2A98EBA6001E3AF2 /* Base */,
			);
			name = Main.storyboard;
			sourceTree = "<group>";
		};
		F6C33A4E2A98EBA8001E3AF2 /* LaunchScreen.storyboard */ = {
			isa = PBXVariantGroup;
			children = (
				F6C33A4F2A98EBA8001E3AF2 /* Base */,
			);
			name = LaunchScreen.storyboard;
			sourceTree = "<group>";
		};
/* End PBXVariantGroup section */

/* Begin XCBuildConfiguration section */
		F6C33A682A98EBA8001E3AF2 /* Debug */ = {
			isa = XCBuildConfiguration;
			buildSettings = {
				ALWAYS_SEARCH_USER_PATHS = NO;
				CLANG_ANALYZER_NONNULL = YES;
				CLANG_ANALYZER_NUMBER_OBJECT_CONVERSION = YES_AGGRESSIVE;
				CLANG_CXX_LANGUAGE_STANDARD = "gnu++20";
				CLANG_ENABLE_MODULES = YES;
				CLANG_ENABLE_OBJC_ARC = YES;
				CLANG_ENABLE_OBJC_WEAK = YES;
				CLANG_WARN_BLOCK_CAPTURE_AUTORELEASING = YES;
				CLANG_WARN_BOOL_CONVERSION = YES;
				CLANG_WARN_COMMA = YES;
				CLANG_WARN_CONSTANT_CONVERSION = YES;
				CLANG_WARN_DEPRECATED_OBJC_IMPLEMENTATIONS = YES;
				CLANG_WARN_DIRECT_OBJC_ISA_USAGE = YES_ERROR;
				CLANG_WARN_DOCUMENTATION_COMMENTS = YES;
				CLANG_WARN_EMPTY_BODY = YES;
				CLANG_WARN_ENUM_CONVERSION = YES;
				CLANG_WARN_INFINITE_RECURSION = YES;
				CLANG_WARN_INT_CONVERSION = YES;
				CLANG_WARN_NON_LITERAL_NULL_CONVERSION = YES;
				CLANG_WARN_OBJC_IMPLICIT_RETAIN_SELF = YES;
				CLANG_WARN_OBJC_LITERAL_CONVERSION = YES;
				CLANG_WARN_OBJC_ROOT_CLASS = YES_ERROR;
				CLANG_WARN_QUOTED_INCLUDE_IN_FRAMEWORK_HEADER = YES;
				CLANG_WARN_RANGE_LOOP_ANALYSIS = YES;
				CLANG_WARN_STRICT_PROTOTYPES = YES;
				CLANG_WARN_SUSPICIOUS_MOVE = YES;
				CLANG_WARN_UNGUARDED_AVAILABILITY = YES_AGGRESSIVE;
				CLANG_WARN_UNREACHABLE_CODE = YES;
				CLANG_WARN__DUPLICATE_METHOD_MATCH = YES;
				COPY_PHASE_STRIP = NO;
				DEBUG_INFORMATION_FORMAT = dwarf;
				ENABLE_STRICT_OBJC_MSGSEND = YES;
				ENABLE_TESTABILITY = YES;
				GCC_C_LANGUAGE_STANDARD = gnu11;
				GCC_DYNAMIC_NO_PIC = NO;
				GCC_NO_COMMON_BLOCKS = YES;
				GCC_OPTIMIZATION_LEVEL = 0;
				GCC_PREPROCESSOR_DEFINITIONS = (
					"DEBUG=1",
					"$(inherited)",
				);
				GCC_WARN_64_TO_32_BIT_CONVERSION = YES;
				GCC_WARN_ABOUT_RETURN_TYPE = YES_ERROR;
				GCC_WARN_UNDECLARED_SELECTOR = YES;
				GCC_WARN_UNINITIALIZED_AUTOS = YES_AGGRESSIVE;
				GCC_WARN_UNUSED_FUNCTION = YES;
				GCC_WARN_UNUSED_VARIABLE = YES;
				IPHONEOS_DEPLOYMENT_TARGET = 16.4;
				MTL_ENABLE_DEBUG_INFO = INCLUDE_SOURCE;
				MTL_FAST_MATH = YES;
				ONLY_ACTIVE_ARCH = YES;
				SDKROOT = iphoneos;
				SWIFT_ACTIVE_COMPILATION_CONDITIONS = DEBUG;
				SWIFT_OPTIMIZATION_LEVEL = "-Onone";
			};
			name = Debug;
		};
		F6C33A692A98EBA8001E3AF2 /* Release */ = {
			isa = XCBuildConfiguration;
			buildSettings = {
				ALWAYS_SEARCH_USER_PATHS = NO;
				CLANG_ANALYZER_NONNULL = YES;
				CLANG_ANALYZER_NUMBER_OBJECT_CONVERSION = YES_AGGRESSIVE;
				CLANG_CXX_LANGUAGE_STANDARD = "gnu++20";
				CLANG_ENABLE_MODULES = YES;
				CLANG_ENABLE_OBJC_ARC = YES;
				CLANG_ENABLE_OBJC_WEAK = YES;
				CLANG_WARN_BLOCK_CAPTURE_AUTORELEASING = YES;
				CLANG_WARN_BOOL_CONVERSION = YES;
				CLANG_WARN_COMMA = YES;
				CLANG_WARN_CONSTANT_CONVERSION = YES;
				CLANG_WARN_DEPRECATED_OBJC_IMPLEMENTATIONS = YES;
				CLANG_WARN_DIRECT_OBJC_ISA_USAGE = YES_ERROR;
				CLANG_WARN_DOCUMENTATION_COMMENTS = YES;
				CLANG_WARN_EMPTY_BODY = YES;
				CLANG_WARN_ENUM_CONVERSION = YES;
				CLANG_WARN_INFINITE_RECURSION = YES;
				CLANG_WARN_INT_CONVERSION = YES;
				CLANG_WARN_NON_LITERAL_NULL_CONVERSION = YES;
				CLANG_WARN_OBJC_IMPLICIT_RETAIN_SELF = YES;
				CLANG_WARN_OBJC_LITERAL_CONVERSION = YES;
				CLANG_WARN_OBJC_ROOT_CLASS = YES_ERROR;
				CLANG_WARN_QUOTED_INCLUDE_IN_FRAMEWORK_HEADER = YES;
				CLANG_WARN_RANGE_LOOP_ANALYSIS = YES;
				CLANG_WARN_STRICT_PROTOTYPES = YES;
				CLANG_WARN_SUSPICIOUS_MOVE = YES;
				CLANG_WARN_UNGUARDED_AVAILABILITY = YES_AGGRESSIVE;
				CLANG_WARN_UNREACHABLE_CODE = YES;
				CLANG_WARN__DUPLICATE_METHOD_MATCH = YES;
				COPY_PHASE_STRIP = NO;
				DEBUG_INFORMATION_FORMAT = "dwarf-with-dsym";
				ENABLE_NS_ASSERTIONS = NO;
				ENABLE_STRICT_OBJC_MSGSEND = YES;
				GCC_C_LANGUAGE_STANDARD = gnu11;
				GCC_NO_COMMON_BLOCKS = YES;
				GCC_WARN_64_TO_32_BIT_CONVERSION = YES;
				GCC_WARN_ABOUT_RETURN_TYPE = YES_ERROR;
				GCC_WARN_UNDECLARED_SELECTOR = YES;
				GCC_WARN_UNINITIALIZED_AUTOS = YES_AGGRESSIVE;
				GCC_WARN_UNUSED_FUNCTION = YES;
				GCC_WARN_UNUSED_VARIABLE = YES;
				IPHONEOS_DEPLOYMENT_TARGET = 16.4;
				MTL_ENABLE_DEBUG_INFO = NO;
				MTL_FAST_MATH = YES;
				SDKROOT = iphoneos;
				SWIFT_COMPILATION_MODE = wholemodule;
				SWIFT_OPTIMIZATION_LEVEL = "-O";
				VALIDATE_PRODUCT = YES;
			};
			name = Release;
		};
		F6C33A6B2A98EBA8001E3AF2 /* Debug */ = {
			isa = XCBuildConfiguration;
			buildSettings = {
				ASSETCATALOG_COMPILER_APPICON_NAME = AppIcon;
				ASSETCATALOG_COMPILER_GLOBAL_ACCENT_COLOR_NAME = AccentColor;
				CODE_SIGN_STYLE = Automatic;
				CURRENT_PROJECT_VERSION = 1;
				DEVELOPMENT_TEAM = 2USWXYKH94;
				GENERATE_INFOPLIST_FILE = YES;
				INFOPLIST_FILE = Project8/Info.plist;
				INFOPLIST_KEY_UIApplicationSupportsIndirectInputEvents = YES;
				INFOPLIST_KEY_UILaunchStoryboardName = LaunchScreen;
				INFOPLIST_KEY_UIMainStoryboardFile = Main;
				INFOPLIST_KEY_UISupportedInterfaceOrientations_iPad = "UIInterfaceOrientationPortrait UIInterfaceOrientationPortraitUpsideDown UIInterfaceOrientationLandscapeLeft UIInterfaceOrientationLandscapeRight";
				INFOPLIST_KEY_UISupportedInterfaceOrientations_iPhone = "UIInterfaceOrientationPortrait UIInterfaceOrientationLandscapeLeft UIInterfaceOrientationLandscapeRight";
				LD_RUNPATH_SEARCH_PATHS = (
					"$(inherited)",
					"@executable_path/Frameworks",
				);
				MARKETING_VERSION = 1.0;
				PRODUCT_BUNDLE_IDENTIFIER = com.yakupatici.Project8;
				PRODUCT_NAME = "$(TARGET_NAME)";
				SUPPORTED_PLATFORMS = "iphoneos iphonesimulator";
				SUPPORTS_MACCATALYST = NO;
				SUPPORTS_MAC_DESIGNED_FOR_IPHONE_IPAD = NO;
				SWIFT_EMIT_LOC_STRINGS = YES;
				SWIFT_VERSION = 5.0;
				TARGETED_DEVICE_FAMILY = 2;
			};
			name = Debug;
		};
		F6C33A6C2A98EBA8001E3AF2 /* Release */ = {
			isa = XCBuildConfiguration;
			buildSettings = {
				ASSETCATALOG_COMPILER_APPICON_NAME = AppIcon;
				ASSETCATALOG_COMPILER_GLOBAL_ACCENT_COLOR_NAME = AccentColor;
				CODE_SIGN_STYLE = Automatic;
				CURRENT_PROJECT_VERSION = 1;
				DEVELOPMENT_TEAM = 2USWXYKH94;
				GENERATE_INFOPLIST_FILE = YES;
				INFOPLIST_FILE = Project8/Info.plist;
				INFOPLIST_KEY_UIApplicationSupportsIndirectInputEvents = YES;
				INFOPLIST_KEY_UILaunchStoryboardName = LaunchScreen;
				INFOPLIST_KEY_UIMainStoryboardFile = Main;
				INFOPLIST_KEY_UISupportedInterfaceOrientations_iPad = "UIInterfaceOrientationPortrait UIInterfaceOrientationPortraitUpsideDown UIInterfaceOrientationLandscapeLeft UIInterfaceOrientationLandscapeRight";
				INFOPLIST_KEY_UISupportedInterfaceOrientations_iPhone = "UIInterfaceOrientationPortrait UIInterfaceOrientationLandscapeLeft UIInterfaceOrientationLandscapeRight";
				LD_RUNPATH_SEARCH_PATHS = (
					"$(inherited)",
					"@executable_path/Frameworks",
				);
				MARKETING_VERSION = 1.0;
				PRODUCT_BUNDLE_IDENTIFIER = com.yakupatici.Project8;
				PRODUCT_NAME = "$(TARGET_NAME)";
				SUPPORTED_PLATFORMS = "iphoneos iphonesimulator";
				SUPPORTS_MACCATALYST = NO;
				SUPPORTS_MAC_DESIGNED_FOR_IPHONE_IPAD = NO;
				SWIFT_EMIT_LOC_STRINGS = YES;
				SWIFT_VERSION = 5.0;
				TARGETED_DEVICE_FAMILY = 2;
			};
			name = Release;
		};
		F6C33A6E2A98EBA8001E3AF2 /* Debug */ = {
			isa = XCBuildConfiguration;
			buildSettings = {
				ALWAYS_EMBED_SWIFT_STANDARD_LIBRARIES = YES;
				BUNDLE_LOADER = "$(TEST_HOST)";
				CODE_SIGN_STYLE = Automatic;
				CURRENT_PROJECT_VERSION = 1;
				DEVELOPMENT_TEAM = 2USWXYKH94;
				GENERATE_INFOPLIST_FILE = YES;
				IPHONEOS_DEPLOYMENT_TARGET = 16.4;
				MARKETING_VERSION = 1.0;
				PRODUCT_BUNDLE_IDENTIFIER = com.yakupatici.Project8Tests;
				PRODUCT_NAME = "$(TARGET_NAME)";
				SWIFT_EMIT_LOC_STRINGS = NO;
				SWIFT_VERSION = 5.0;
				TARGETED_DEVICE_FAMILY = "1,2";
				TEST_HOST = "$(BUILT_PRODUCTS_DIR)/Project8.app/$(BUNDLE_EXECUTABLE_FOLDER_PATH)/Project8";
			};
			name = Debug;
		};
		F6C33A6F2A98EBA8001E3AF2 /* Release */ = {
			isa = XCBuildConfiguration;
			buildSettings = {
				ALWAYS_EMBED_SWIFT_STANDARD_LIBRARIES = YES;
				BUNDLE_LOADER = "$(TEST_HOST)";
				CODE_SIGN_STYLE = Automatic;
				CURRENT_PROJECT_VERSION = 1;
				DEVELOPMENT_TEAM = 2USWXYKH94;
				GENERATE_INFOPLIST_FILE = YES;
				IPHONEOS_DEPLOYMENT_TARGET = 16.4;
				MARKETING_VERSION = 1.0;
				PRODUCT_BUNDLE_IDENTIFIER = com.yakupatici.Project8Tests;
				PRODUCT_NAME = "$(TARGET_NAME)";
				SWIFT_EMIT_LOC_STRINGS = NO;
				SWIFT_VERSION = 5.0;
				TARGETED_DEVICE_FAMILY = "1,2";
				TEST_HOST = "$(BUILT_PRODUCTS_DIR)/Project8.app/$(BUNDLE_EXECUTABLE_FOLDER_PATH)/Project8";
			};
			name = Release;
		};
		F6C33A712A98EBA8001E3AF2 /* Debug */ = {
			isa = XCBuildConfiguration;
			buildSettings = {
				ALWAYS_EMBED_SWIFT_STANDARD_LIBRARIES = YES;
				CODE_SIGN_STYLE = Automatic;
				CURRENT_PROJECT_VERSION = 1;
				DEVELOPMENT_TEAM = 2USWXYKH94;
				GENERATE_INFOPLIST_FILE = YES;
				MARKETING_VERSION = 1.0;
				PRODUCT_BUNDLE_IDENTIFIER = com.yakupatici.Project8UITests;
				PRODUCT_NAME = "$(TARGET_NAME)";
				SWIFT_EMIT_LOC_STRINGS = NO;
				SWIFT_VERSION = 5.0;
				TARGETED_DEVICE_FAMILY = "1,2";
				TEST_TARGET_NAME = Project8;
			};
			name = Debug;
		};
		F6C33A722A98EBA8001E3AF2 /* Release */ = {
			isa = XCBuildConfiguration;
			buildSettings = {
				ALWAYS_EMBED_SWIFT_STANDARD_LIBRARIES = YES;
				CODE_SIGN_STYLE = Automatic;
				CURRENT_PROJECT_VERSION = 1;
				DEVELOPMENT_TEAM = 2USWXYKH94;
				GENERATE_INFOPLIST_FILE = YES;
				MARKETING_VERSION = 1.0;
				PRODUCT_BUNDLE_IDENTIFIER = com.yakupatici.Project8UITests;
				PRODUCT_NAME = "$(TARGET_NAME)";
				SWIFT_EMIT_LOC_STRINGS = NO;
				SWIFT_VERSION = 5.0;
				TARGETED_DEVICE_FAMILY = "1,2";
				TEST_TARGET_NAME = Project8;
			};
			name = Release;
		};
/* End XCBuildConfiguration section */

/* Begin XCConfigurationList section */
		F6C33A3B2A98EBA6001E3AF2 /* Build configuration list for PBXProject "Project8" */ = {
			isa = XCConfigurationList;
			buildConfigurations = (
				F6C33A682A98EBA8001E3AF2 /* Debug */,
				F6C33A692A98EBA8001E3AF2 /* Release */,
			);
			defaultConfigurationIsVisible = 0;
			defaultConfigurationName = Release;
		};
		F6C33A6A2A98EBA8001E3AF2 /* Build configuration list for PBXNativeTarget "Project8" */ = {
			isa = XCConfigurationList;
			buildConfigurations = (
				F6C33A6B2A98EBA8001E3AF2 /* Debug */,
				F6C33A6C2A98EBA8001E3AF2 /* Release */,
			);
			defaultConfigurationIsVisible = 0;
			defaultConfigurationName = Release;
		};
		F6C33A6D2A98EBA8001E3AF2 /* Build configuration list for PBXNativeTarget "Project8Tests" */ = {
			isa = XCConfigurationList;
			buildConfigurations = (
				F6C33A6E2A98EBA8001E3AF2 /* Debug */,
				F6C33A6F2A98EBA8001E3AF2 /* Release */,
			);
			defaultConfigurationIsVisible = 0;
			defaultConfigurationName = Release;
		};
		F6C33A702A98EBA8001E3AF2 /* Build configuration list for PBXNativeTarget "Project8UITests" */ = {
			isa = XCConfigurationList;
			buildConfigurations = (
				F6C33A712A98EBA8001E3AF2 /* Debug */,
				F6C33A722A98EBA8001E3AF2 /* Release */,
			);
			defaultConfigurationIsVisible = 0;
			defaultConfigurationName = Release;
		};
/* End XCConfigurationList section */
	};
	rootObject = F6C33A382A98EBA6001E3AF2 /* Project object */;
}
