// !$*UTF8*$!
{
	archiveVersion = 1;
	classes = {
	};
	objectVersion = 56;
	objects = {

/* Begin PBXBuildFile section */
		F6F22F252A5D778500EAC27B /* AppDelegate.swift in Sources */ = {isa = PBXBuildFile; fileRef = F6F22F242A5D778500EAC27B /* AppDelegate.swift */; };
		F6F22F272A5D778500EAC27B /* SceneDelegate.swift in Sources */ = {isa = PBXBuildFile; fileRef = F6F22F262A5D778500EAC27B /* SceneDelegate.swift */; };
		F6F22F292A5D778500EAC27B /* ViewController.swift in Sources */ = {isa = PBXBuildFile; fileRef = F6F22F282A5D778500EAC27B /* ViewController.swift */; };
		F6F22F2C2A5D778500EAC27B /* Main.storyboard in Resources */ = {isa = PBXBuildFile; fileRef = F6F22F2A2A5D778500EAC27B /* Main.storyboard */; };
		F6F22F2F2A5D778500EAC27B /* Project4_Swift100.xcdatamodeld in Sources */ = {isa = PBXBuildFile; fileRef = F6F22F2D2A5D778500EAC27B /* Project4_Swift100.xcdatamodeld */; };
		F6F22F312A5D778600EAC27B /* Assets.xcassets in Resources */ = {isa = PBXBuildFile; fileRef = F6F22F302A5D778600EAC27B /* Assets.xcassets */; };
		F6F22F342A5D778600EAC27B /* LaunchScreen.storyboard in Resources */ = {isa = PBXBuildFile; fileRef = F6F22F322A5D778600EAC27B /* LaunchScreen.storyboard */; };
		F6F22F3F2A5D778600EAC27B /* Project4_Swift100Tests.swift in Sources */ = {isa = PBXBuildFile; fileRef = F6F22F3E2A5D778600EAC27B /* Project4_Swift100Tests.swift */; };
		F6F22F492A5D778600EAC27B /* Project4_Swift100UITests.swift in Sources */ = {isa = PBXBuildFile; fileRef = F6F22F482A5D778600EAC27B /* Project4_Swift100UITests.swift */; };
		F6F22F4B2A5D778600EAC27B /* Project4_Swift100UITestsLaunchTests.swift in Sources */ = {isa = PBXBuildFile; fileRef = F6F22F4A2A5D778600EAC27B /* Project4_Swift100UITestsLaunchTests.swift */; };
/* End PBXBuildFile section */

/* Begin PBXContainerItemProxy section */
		F6F22F3B2A5D778600EAC27B /* PBXContainerItemProxy */ = {
			isa = PBXContainerItemProxy;
			containerPortal = F6F22F192A5D778400EAC27B /* Project object */;
			proxyType = 1;
			remoteGlobalIDString = F6F22F202A5D778500EAC27B;
			remoteInfo = "Project4-Swift100";
		};
		F6F22F452A5D778600EAC27B /* PBXContainerItemProxy */ = {
			isa = PBXContainerItemProxy;
			containerPortal = F6F22F192A5D778400EAC27B /* Project object */;
			proxyType = 1;
			remoteGlobalIDString = F6F22F202A5D778500EAC27B;
			remoteInfo = "Project4-Swift100";
		};
/* End PBXContainerItemProxy section */

/* Begin PBXFileReference section */
		F6F22F212A5D778500EAC27B /* Project4-Swift100.app */ = {isa = PBXFileReference; explicitFileType = wrapper.application; includeInIndex = 0; path = "Project4-Swift100.app"; sourceTree = BUILT_PRODUCTS_DIR; };
		F6F22F242A5D778500EAC27B /* AppDelegate.swift */ = {isa = PBXFileReference; lastKnownFileType = sourcecode.swift; path = AppDelegate.swift; sourceTree = "<group>"; };
		F6F22F262A5D778500EAC27B /* SceneDelegate.swift */ = {isa = PBXFileReference; lastKnownFileType = sourcecode.swift; path = SceneDelegate.swift; sourceTree = "<group>"; };
		F6F22F282A5D778500EAC27B /* ViewController.swift */ = {isa = PBXFileReference; lastKnownFileType = sourcecode.swift; path = ViewController.swift; sourceTree = "<group>"; };
		F6F22F2B2A5D778500EAC27B /* Base */ = {isa = PBXFileReference; lastKnownFileType = file.storyboard; name = Base; path = Base.lproj/Main.storyboard; sourceTree = "<group>"; };
		F6F22F2E2A5D778500EAC27B /* Project4_Swift100.xcdatamodel */ = {isa = PBXFileReference; lastKnownFileType = wrapper.xcdatamodel; path = Project4_Swift100.xcdatamodel; sourceTree = "<group>"; };
		F6F22F302A5D778600EAC27B /* Assets.xcassets */ = {isa = PBXFileReference; lastKnownFileType = folder.assetcatalog; path = Assets.xcassets; sourceTree = "<group>"; };
		F6F22F332A5D778600EAC27B /* Base */ = {isa = PBXFileReference; lastKnownFileType = file.storyboard; name = Base; path = Base.lproj/LaunchScreen.storyboard; sourceTree = "<group>"; };
		F6F22F352A5D778600EAC27B /* Info.plist */ = {isa = PBXFileReference; lastKnownFileType = text.plist.xml; path = Info.plist; sourceTree = "<group>"; };
		F6F22F3A2A5D778600EAC27B /* Project4-Swift100Tests.xctest */ = {isa = PBXFileReference; explicitFileType = wrapper.cfbundle; includeInIndex = 0; path = "Project4-Swift100Tests.xctest"; sourceTree = BUILT_PRODUCTS_DIR; };
		F6F22F3E2A5D778600EAC27B /* Project4_Swift100Tests.swift */ = {isa = PBXFileReference; lastKnownFileType = sourcecode.swift; path = Project4_Swift100Tests.swift; sourceTree = "<group>"; };
		F6F22F442A5D778600EAC27B /* Project4-Swift100UITests.xctest */ = {isa = PBXFileReference; explicitFileType = wrapper.cfbundle; includeInIndex = 0; path = "Project4-Swift100UITests.xctest"; sourceTree = BUILT_PRODUCTS_DIR; };
		F6F22F482A5D778600EAC27B /* Project4_Swift100UITests.swift */ = {isa = PBXFileReference; lastKnownFileType = sourcecode.swift; path = Project4_Swift100UITests.swift; sourceTree = "<group>"; };
		F6F22F4A2A5D778600EAC27B /* Project4_Swift100UITestsLaunchTests.swift */ = {isa = PBXFileReference; lastKnownFileType = sourcecode.swift; path = Project4_Swift100UITestsLaunchTests.swift; sourceTree = "<group>"; };
/* End PBXFileReference section */

/* Begin PBXFrameworksBuildPhase section */
		F6F22F1E2A5D778500EAC27B /* Frameworks */ = {
			isa = PBXFrameworksBuildPhase;
			buildActionMask = 2147483647;
			files = (
			);
			runOnlyForDeploymentPostprocessing = 0;
		};
		F6F22F372A5D778600EAC27B /* Frameworks */ = {
			isa = PBXFrameworksBuildPhase;
			buildActionMask = 2147483647;
			files = (
			);
			runOnlyForDeploymentPostprocessing = 0;
		};
		F6F22F412A5D778600EAC27B /* Frameworks */ = {
			isa = PBXFrameworksBuildPhase;
			buildActionMask = 2147483647;
			files = (
			);
			runOnlyForDeploymentPostprocessing = 0;
		};
/* End PBXFrameworksBuildPhase section */

/* Begin PBXGroup section */
		F6F22F182A5D778400EAC27B = {
			isa = PBXGroup;
			children = (
				F6F22F232A5D778500EAC27B /* Project4-Swift100 */,
				F6F22F3D2A5D778600EAC27B /* Project4-Swift100Tests */,
				F6F22F472A5D778600EAC27B /* Project4-Swift100UITests */,
				F6F22F222A5D778500EAC27B /* Products */,
			);
			sourceTree = "<group>";
		};
		F6F22F222A5D778500EAC27B /* Products */ = {
			isa = PBXGroup;
			children = (
				F6F22F212A5D778500EAC27B /* Project4-Swift100.app */,
				F6F22F3A2A5D778600EAC27B /* Project4-Swift100Tests.xctest */,
				F6F22F442A5D778600EAC27B /* Project4-Swift100UITests.xctest */,
			);
			name = Products;
			sourceTree = "<group>";
		};
		F6F22F232A5D778500EAC27B /* Project4-Swift100 */ = {
			isa = PBXGroup;
			children = (
				F6F22F242A5D778500EAC27B /* AppDelegate.swift */,
				F6F22F262A5D778500EAC27B /* SceneDelegate.swift */,
				F6F22F282A5D778500EAC27B /* ViewController.swift */,
				F6F22F2A2A5D778500EAC27B /* Main.storyboard */,
				F6F22F302A5D778600EAC27B /* Assets.xcassets */,
				F6F22F322A5D778600EAC27B /* LaunchScreen.storyboard */,
				F6F22F352A5D778600EAC27B /* Info.plist */,
				F6F22F2D2A5D778500EAC27B /* Project4_Swift100.xcdatamodeld */,
			);
			path = "Project4-Swift100";
			sourceTree = "<group>";
		};
		F6F22F3D2A5D778600EAC27B /* Project4-Swift100Tests */ = {
			isa = PBXGroup;
			children = (
				F6F22F3E2A5D778600EAC27B /* Project4_Swift100Tests.swift */,
			);
			path = "Project4-Swift100Tests";
			sourceTree = "<group>";
		};
		F6F22F472A5D778600EAC27B /* Project4-Swift100UITests */ = {
			isa = PBXGroup;
			children = (
				F6F22F482A5D778600EAC27B /* Project4_Swift100UITests.swift */,
				F6F22F4A2A5D778600EAC27B /* Project4_Swift100UITestsLaunchTests.swift */,
			);
			path = "Project4-Swift100UITests";
			sourceTree = "<group>";
		};
/* End PBXGroup section */

/* Begin PBXNativeTarget section */
		F6F22F202A5D778500EAC27B /* Project4-Swift100 */ = {
			isa = PBXNativeTarget;
			buildConfigurationList = F6F22F4E2A5D778600EAC27B /* Build configuration list for PBXNativeTarget "Project4-Swift100" */;
			buildPhases = (
				F6F22F1D2A5D778500EAC27B /* Sources */,
				F6F22F1E2A5D778500EAC27B /* Frameworks */,
				F6F22F1F2A5D778500EAC27B /* Resources */,
			);
			buildRules = (
			);
			dependencies = (
			);
			name = "Project4-Swift100";
			productName = "Project4-Swift100";
			productReference = F6F22F212A5D778500EAC27B /* Project4-Swift100.app */;
			productType = "com.apple.product-type.application";
		};
		F6F22F392A5D778600EAC27B /* Project4-Swift100Tests */ = {
			isa = PBXNativeTarget;
			buildConfigurationList = F6F22F512A5D778600EAC27B /* Build configuration list for PBXNativeTarget "Project4-Swift100Tests" */;
			buildPhases = (
				F6F22F362A5D778600EAC27B /* Sources */,
				F6F22F372A5D778600EAC27B /* Frameworks */,
				F6F22F382A5D778600EAC27B /* Resources */,
			);
			buildRules = (
			);
			dependencies = (
				F6F22F3C2A5D778600EAC27B /* PBXTargetDependency */,
			);
			name = "Project4-Swift100Tests";
			productName = "Project4-Swift100Tests";
			productReference = F6F22F3A2A5D778600EAC27B /* Project4-Swift100Tests.xctest */;
			productType = "com.apple.product-type.bundle.unit-test";
		};
		F6F22F432A5D778600EAC27B /* Project4-Swift100UITests */ = {
			isa = PBXNativeTarget;
			buildConfigurationList = F6F22F542A5D778600EAC27B /* Build configuration list for PBXNativeTarget "Project4-Swift100UITests" */;
			buildPhases = (
				F6F22F402A5D778600EAC27B /* Sources */,
				F6F22F412A5D778600EAC27B /* Frameworks */,
				F6F22F422A5D778600EAC27B /* Resources */,
			);
			buildRules = (
			);
			dependencies = (
				F6F22F462A5D778600EAC27B /* PBXTargetDependency */,
			);
			name = "Project4-Swift100UITests";
			productName = "Project4-Swift100UITests";
			productReference = F6F22F442A5D778600EAC27B /* Project4-Swift100UITests.xctest */;
			productType = "com.apple.product-type.bundle.ui-testing";
		};
/* End PBXNativeTarget section */

/* Begin PBXProject section */
		F6F22F192A5D778400EAC27B /* Project object */ = {
			isa = PBXProject;
			attributes = {
				BuildIndependentTargetsInParallel = 1;
				LastSwiftUpdateCheck = 1430;
				LastUpgradeCheck = 1430;
				TargetAttributes = {
					F6F22F202A5D778500EAC27B = {
						CreatedOnToolsVersion = 14.3.1;
					};
					F6F22F392A5D778600EAC27B = {
						CreatedOnToolsVersion = 14.3.1;
						TestTargetID = F6F22F202A5D778500EAC27B;
					};
					F6F22F432A5D778600EAC27B = {
						CreatedOnToolsVersion = 14.3.1;
						TestTargetID = F6F22F202A5D778500EAC27B;
					};
				};
			};
			buildConfigurationList = F6F22F1C2A5D778400EAC27B /* Build configuration list for PBXProject "Project4-Swift100" */;
			compatibilityVersion = "Xcode 14.0";
			developmentRegion = en;
			hasScannedForEncodings = 0;
			knownRegions = (
				en,
				Base,
			);
			mainGroup = F6F22F182A5D778400EAC27B;
			productRefGroup = F6F22F222A5D778500EAC27B /* Products */;
			projectDirPath = "";
			projectRoot = "";
			targets = (
				F6F22F202A5D778500EAC27B /* Project4-Swift100 */,
				F6F22F392A5D778600EAC27B /* Project4-Swift100Tests */,
				F6F22F432A5D778600EAC27B /* Project4-Swift100UITests */,
			);
		};
/* End PBXProject section */

/* Begin PBXResourcesBuildPhase section */
		F6F22F1F2A5D778500EAC27B /* Resources */ = {
			isa = PBXResourcesBuildPhase;
			buildActionMask = 2147483647;
			files = (
				F6F22F342A5D778600EAC27B /* LaunchScreen.storyboard in Resources */,
				F6F22F312A5D778600EAC27B /* Assets.xcassets in Resources */,
				F6F22F2C2A5D778500EAC27B /* Main.storyboard in Resources */,
			);
			runOnlyForDeploymentPostprocessing = 0;
		};
		F6F22F382A5D778600EAC27B /* Resources */ = {
			isa = PBXResourcesBuildPhase;
			buildActionMask = 2147483647;
			files = (
			);
			runOnlyForDeploymentPostprocessing = 0;
		};
		F6F22F422A5D778600EAC27B /* Resources */ = {
			isa = PBXResourcesBuildPhase;
			buildActionMask = 2147483647;
			files = (
			);
			runOnlyForDeploymentPostprocessing = 0;
		};
/* End PBXResourcesBuildPhase section */

/* Begin PBXSourcesBuildPhase section */
		F6F22F1D2A5D778500EAC27B /* Sources */ = {
			isa = PBXSourcesBuildPhase;
			buildActionMask = 2147483647;
			files = (
				F6F22F292A5D778500EAC27B /* ViewController.swift in Sources */,
				F6F22F252A5D778500EAC27B /* AppDelegate.swift in Sources */,
				F6F22F2F2A5D778500EAC27B /* Project4_Swift100.xcdatamodeld in Sources */,
				F6F22F272A5D778500EAC27B /* SceneDelegate.swift in Sources */,
			);
			runOnlyForDeploymentPostprocessing = 0;
		};
		F6F22F362A5D778600EAC27B /* Sources */ = {
			isa = PBXSourcesBuildPhase;
			buildActionMask = 2147483647;
			files = (
				F6F22F3F2A5D778600EAC27B /* Project4_Swift100Tests.swift in Sources */,
			);
			runOnlyForDeploymentPostprocessing = 0;
		};
		F6F22F402A5D778600EAC27B /* Sources */ = {
			isa = PBXSourcesBuildPhase;
			buildActionMask = 2147483647;
			files = (
				F6F22F492A5D778600EAC27B /* Project4_Swift100UITests.swift in Sources */,
				F6F22F4B2A5D778600EAC27B /* Project4_Swift100UITestsLaunchTests.swift in Sources */,
			);
			runOnlyForDeploymentPostprocessing = 0;
		};
/* End PBXSourcesBuildPhase section */

/* Begin PBXTargetDependency section */
		F6F22F3C2A5D778600EAC27B /* PBXTargetDependency */ = {
			isa = PBXTargetDependency;
			target = F6F22F202A5D778500EAC27B /* Project4-Swift100 */;
			targetProxy = F6F22F3B2A5D778600EAC27B /* PBXContainerItemProxy */;
		};
		F6F22F462A5D778600EAC27B /* PBXTargetDependency */ = {
			isa = PBXTargetDependency;
			target = F6F22F202A5D778500EAC27B /* Project4-Swift100 */;
			targetProxy = F6F22F452A5D778600EAC27B /* PBXContainerItemProxy */;
		};
/* End PBXTargetDependency section */

/* Begin PBXVariantGroup section */
		F6F22F2A2A5D778500EAC27B /* Main.storyboard */ = {
			isa = PBXVariantGroup;
			children = (
				F6F22F2B2A5D778500EAC27B /* Base */,
			);
			name = Main.storyboard;
			sourceTree = "<group>";
		};
		F6F22F322A5D778600EAC27B /* LaunchScreen.storyboard */ = {
			isa = PBXVariantGroup;
			children = (
				F6F22F332A5D778600EAC27B /* Base */,
			);
			name = LaunchScreen.storyboard;
			sourceTree = "<group>";
		};
/* End PBXVariantGroup section */

/* Begin XCBuildConfiguration section */
		F6F22F4C2A5D778600EAC27B /* Debug */ = {
			isa = XCBuildConfiguration;
			buildSettings = {
				ALWAYS_SEARCH_USER_PATHS = NO;
				CLANG_ANALYZER_NONNULL = YES;
				CLANG_ANALYZER_NUMBER_OBJECT_CONVERSION = YES_AGGRESSIVE;
				CLANG_CXX_LANGUAGE_STANDARD = "gnu++20";
				CLANG_ENABLE_MODULES = YES;
				CLANG_ENABLE_OBJC_ARC = YES;
				CLANG_ENABLE_OBJC_WEAK = YES;
				CLANG_WARN_BLOCK_CAPTURE_AUTORELEASING = YES;
				CLANG_WARN_BOOL_CONVERSION = YES;
				CLANG_WARN_COMMA = YES;
				CLANG_WARN_CONSTANT_CONVERSION = YES;
				CLANG_WARN_DEPRECATED_OBJC_IMPLEMENTATIONS = YES;
				CLANG_WARN_DIRECT_OBJC_ISA_USAGE = YES_ERROR;
				CLANG_WARN_DOCUMENTATION_COMMENTS = YES;
				CLANG_WARN_EMPTY_BODY = YES;
				CLANG_WARN_ENUM_CONVERSION = YES;
				CLANG_WARN_INFINITE_RECURSION = YES;
				CLANG_WARN_INT_CONVERSION = YES;
				CLANG_WARN_NON_LITERAL_NULL_CONVERSION = YES;
				CLANG_WARN_OBJC_IMPLICIT_RETAIN_SELF = YES;
				CLANG_WARN_OBJC_LITERAL_CONVERSION = YES;
				CLANG_WARN_OBJC_ROOT_CLASS = YES_ERROR;
				CLANG_WARN_QUOTED_INCLUDE_IN_FRAMEWORK_HEADER = YES;
				CLANG_WARN_RANGE_LOOP_ANALYSIS = YES;
				CLANG_WARN_STRICT_PROTOTYPES = YES;
				CLANG_WARN_SUSPICIOUS_MOVE = YES;
				CLANG_WARN_UNGUARDED_AVAILABILITY = YES_AGGRESSIVE;
				CLANG_WARN_UNREACHABLE_CODE = YES;
				CLANG_WARN__DUPLICATE_METHOD_MATCH = YES;
				COPY_PHASE_STRIP = NO;
				DEBUG_INFORMATION_FORMAT = dwarf;
				ENABLE_STRICT_OBJC_MSGSEND = YES;
				ENABLE_TESTABILITY = YES;
				GCC_C_LANGUAGE_STANDARD = gnu11;
				GCC_DYNAMIC_NO_PIC = NO;
				GCC_NO_COMMON_BLOCKS = YES;
				GCC_OPTIMIZATION_LEVEL = 0;
				GCC_PREPROCESSOR_DEFINITIONS = (
					"DEBUG=1",
					"$(inherited)",
				);
				GCC_WARN_64_TO_32_BIT_CONVERSION = YES;
				GCC_WARN_ABOUT_RETURN_TYPE = YES_ERROR;
				GCC_WARN_UNDECLARED_SELECTOR = YES;
				GCC_WARN_UNINITIALIZED_AUTOS = YES_AGGRESSIVE;
				GCC_WARN_UNUSED_FUNCTION = YES;
				GCC_WARN_UNUSED_VARIABLE = YES;
				IPHONEOS_DEPLOYMENT_TARGET = 16.4;
				MTL_ENABLE_DEBUG_INFO = INCLUDE_SOURCE;
				MTL_FAST_MATH = YES;
				ONLY_ACTIVE_ARCH = YES;
				SDKROOT = iphoneos;
				SWIFT_ACTIVE_COMPILATION_CONDITIONS = DEBUG;
				SWIFT_OPTIMIZATION_LEVEL = "-Onone";
			};
			name = Debug;
		};
		F6F22F4D2A5D778600EAC27B /* Release */ = {
			isa = XCBuildConfiguration;
			buildSettings = {
				ALWAYS_SEARCH_USER_PATHS = NO;
				CLANG_ANALYZER_NONNULL = YES;
				CLANG_ANALYZER_NUMBER_OBJECT_CONVERSION = YES_AGGRESSIVE;
				CLANG_CXX_LANGUAGE_STANDARD = "gnu++20";
				CLANG_ENABLE_MODULES = YES;
				CLANG_ENABLE_OBJC_ARC = YES;
				CLANG_ENABLE_OBJC_WEAK = YES;
				CLANG_WARN_BLOCK_CAPTURE_AUTORELEASING = YES;
				CLANG_WARN_BOOL_CONVERSION = YES;
				CLANG_WARN_COMMA = YES;
				CLANG_WARN_CONSTANT_CONVERSION = YES;
				CLANG_WARN_DEPRECATED_OBJC_IMPLEMENTATIONS = YES;
				CLANG_WARN_DIRECT_OBJC_ISA_USAGE = YES_ERROR;
				CLANG_WARN_DOCUMENTATION_COMMENTS = YES;
				CLANG_WARN_EMPTY_BODY = YES;
				CLANG_WARN_ENUM_CONVERSION = YES;
				CLANG_WARN_INFINITE_RECURSION = YES;
				CLANG_WARN_INT_CONVERSION = YES;
				CLANG_WARN_NON_LITERAL_NULL_CONVERSION = YES;
				CLANG_WARN_OBJC_IMPLICIT_RETAIN_SELF = YES;
				CLANG_WARN_OBJC_LITERAL_CONVERSION = YES;
				CLANG_WARN_OBJC_ROOT_CLASS = YES_ERROR;
				CLANG_WARN_QUOTED_INCLUDE_IN_FRAMEWORK_HEADER = YES;
				CLANG_WARN_RANGE_LOOP_ANALYSIS = YES;
				CLANG_WARN_STRICT_PROTOTYPES = YES;
				CLANG_WARN_SUSPICIOUS_MOVE = YES;
				CLANG_WARN_UNGUARDED_AVAILABILITY = YES_AGGRESSIVE;
				CLANG_WARN_UNREACHABLE_CODE = YES;
				CLANG_WARN__DUPLICATE_METHOD_MATCH = YES;
				COPY_PHASE_STRIP = NO;
				DEBUG_INFORMATION_FORMAT = "dwarf-with-dsym";
				ENABLE_NS_ASSERTIONS = NO;
				ENABLE_STRICT_OBJC_MSGSEND = YES;
				GCC_C_LANGUAGE_STANDARD = gnu11;
				GCC_NO_COMMON_BLOCKS = YES;
				GCC_WARN_64_TO_32_BIT_CONVERSION = YES;
				GCC_WARN_ABOUT_RETURN_TYPE = YES_ERROR;
				GCC_WARN_UNDECLARED_SELECTOR = YES;
				GCC_WARN_UNINITIALIZED_AUTOS = YES_AGGRESSIVE;
				GCC_WARN_UNUSED_FUNCTION = YES;
				GCC_WARN_UNUSED_VARIABLE = YES;
				IPHONEOS_DEPLOYMENT_TARGET = 16.4;
				MTL_ENABLE_DEBUG_INFO = NO;
				MTL_FAST_MATH = YES;
				SDKROOT = iphoneos;
				SWIFT_COMPILATION_MODE = wholemodule;
				SWIFT_OPTIMIZATION_LEVEL = "-O";
				VALIDATE_PRODUCT = YES;
			};
			name = Release;
		};
		F6F22F4F2A5D778600EAC27B /* Debug */ = {
			isa = XCBuildConfiguration;
			buildSettings = {
				ASSETCATALOG_COMPILER_APPICON_NAME = AppIcon;
				ASSETCATALOG_COMPILER_GLOBAL_ACCENT_COLOR_NAME = AccentColor;
				CODE_SIGN_STYLE = Automatic;
				CURRENT_PROJECT_VERSION = 1;
				DEVELOPMENT_TEAM = 2USWXYKH94;
				GENERATE_INFOPLIST_FILE = YES;
				INFOPLIST_FILE = "Project4-Swift100/Info.plist";
				INFOPLIST_KEY_UIApplicationSupportsIndirectInputEvents = YES;
				INFOPLIST_KEY_UILaunchStoryboardName = LaunchScreen;
				INFOPLIST_KEY_UIMainStoryboardFile = Main;
				INFOPLIST_KEY_UISupportedInterfaceOrientations_iPad = "UIInterfaceOrientationPortrait UIInterfaceOrientationPortraitUpsideDown UIInterfaceOrientationLandscapeLeft UIInterfaceOrientationLandscapeRight";
				INFOPLIST_KEY_UISupportedInterfaceOrientations_iPhone = "UIInterfaceOrientationPortrait UIInterfaceOrientationLandscapeLeft UIInterfaceOrientationLandscapeRight";
				LD_RUNPATH_SEARCH_PATHS = (
					"$(inherited)",
					"@executable_path/Frameworks",
				);
				MARKETING_VERSION = 1.0;
				PRODUCT_BUNDLE_IDENTIFIER = "com.yakupatici.Project4-Swift100";
				PRODUCT_NAME = "$(TARGET_NAME)";
				SWIFT_EMIT_LOC_STRINGS = YES;
				SWIFT_VERSION = 5.0;
				TARGETED_DEVICE_FAMILY = "1,2";
			};
			name = Debug;
		};
		F6F22F502A5D778600EAC27B /* Release */ = {
			isa = XCBuildConfiguration;
			buildSettings = {
				ASSETCATALOG_COMPILER_APPICON_NAME = AppIcon;
				ASSETCATALOG_COMPILER_GLOBAL_ACCENT_COLOR_NAME = AccentColor;
				CODE_SIGN_STYLE = Automatic;
				CURRENT_PROJECT_VERSION = 1;
				DEVELOPMENT_TEAM = 2USWXYKH94;
				GENERATE_INFOPLIST_FILE = YES;
				INFOPLIST_FILE = "Project4-Swift100/Info.plist";
				INFOPLIST_KEY_UIApplicationSupportsIndirectInputEvents = YES;
				INFOPLIST_KEY_UILaunchStoryboardName = LaunchScreen;
				INFOPLIST_KEY_UIMainStoryboardFile = Main;
				INFOPLIST_KEY_UISupportedInterfaceOrientations_iPad = "UIInterfaceOrientationPortrait UIInterfaceOrientationPortraitUpsideDown UIInterfaceOrientationLandscapeLeft UIInterfaceOrientationLandscapeRight";
				INFOPLIST_KEY_UISupportedInterfaceOrientations_iPhone = "UIInterfaceOrientationPortrait UIInterfaceOrientationLandscapeLeft UIInterfaceOrientationLandscapeRight";
				LD_RUNPATH_SEARCH_PATHS = (
					"$(inherited)",
					"@executable_path/Frameworks",
				);
				MARKETING_VERSION = 1.0;
				PRODUCT_BUNDLE_IDENTIFIER = "com.yakupatici.Project4-Swift100";
				PRODUCT_NAME = "$(TARGET_NAME)";
				SWIFT_EMIT_LOC_STRINGS = YES;
				SWIFT_VERSION = 5.0;
				TARGETED_DEVICE_FAMILY = "1,2";
			};
			name = Release;
		};
		F6F22F522A5D778600EAC27B /* Debug */ = {
			isa = XCBuildConfiguration;
			buildSettings = {
				ALWAYS_EMBED_SWIFT_STANDARD_LIBRARIES = YES;
				BUNDLE_LOADER = "$(TEST_HOST)";
				CODE_SIGN_STYLE = Automatic;
				CURRENT_PROJECT_VERSION = 1;
				DEVELOPMENT_TEAM = 2USWXYKH94;
				GENERATE_INFOPLIST_FILE = YES;
				IPHONEOS_DEPLOYMENT_TARGET = 16.4;
				MARKETING_VERSION = 1.0;
				PRODUCT_BUNDLE_IDENTIFIER = "com.yakupatici.Project4-Swift100Tests";
				PRODUCT_NAME = "$(TARGET_NAME)";
				SWIFT_EMIT_LOC_STRINGS = NO;
				SWIFT_VERSION = 5.0;
				TARGETED_DEVICE_FAMILY = "1,2";
				TEST_HOST = "$(BUILT_PRODUCTS_DIR)/Project4-Swift100.app/$(BUNDLE_EXECUTABLE_FOLDER_PATH)/Project4-Swift100";
			};
			name = Debug;
		};
		F6F22F532A5D778600EAC27B /* Release */ = {
			isa = XCBuildConfiguration;
			buildSettings = {
				ALWAYS_EMBED_SWIFT_STANDARD_LIBRARIES = YES;
				BUNDLE_LOADER = "$(TEST_HOST)";
				CODE_SIGN_STYLE = Automatic;
				CURRENT_PROJECT_VERSION = 1;
				DEVELOPMENT_TEAM = 2USWXYKH94;
				GENERATE_INFOPLIST_FILE = YES;
				IPHONEOS_DEPLOYMENT_TARGET = 16.4;
				MARKETING_VERSION = 1.0;
				PRODUCT_BUNDLE_IDENTIFIER = "com.yakupatici.Project4-Swift100Tests";
				PRODUCT_NAME = "$(TARGET_NAME)";
				SWIFT_EMIT_LOC_STRINGS = NO;
				SWIFT_VERSION = 5.0;
				TARGETED_DEVICE_FAMILY = "1,2";
				TEST_HOST = "$(BUILT_PRODUCTS_DIR)/Project4-Swift100.app/$(BUNDLE_EXECUTABLE_FOLDER_PATH)/Project4-Swift100";
			};
			name = Release;
		};
		F6F22F552A5D778600EAC27B /* Debug */ = {
			isa = XCBuildConfiguration;
			buildSettings = {
				ALWAYS_EMBED_SWIFT_STANDARD_LIBRARIES = YES;
				CODE_SIGN_STYLE = Automatic;
				CURRENT_PROJECT_VERSION = 1;
				DEVELOPMENT_TEAM = 2USWXYKH94;
				GENERATE_INFOPLIST_FILE = YES;
				MARKETING_VERSION = 1.0;
				PRODUCT_BUNDLE_IDENTIFIER = "com.yakupatici.Project4-Swift100UITests";
				PRODUCT_NAME = "$(TARGET_NAME)";
				SWIFT_EMIT_LOC_STRINGS = NO;
				SWIFT_VERSION = 5.0;
				TARGETED_DEVICE_FAMILY = "1,2";
				TEST_TARGET_NAME = "Project4-Swift100";
			};
			name = Debug;
		};
		F6F22F562A5D778600EAC27B /* Release */ = {
			isa = XCBuildConfiguration;
			buildSettings = {
				ALWAYS_EMBED_SWIFT_STANDARD_LIBRARIES = YES;
				CODE_SIGN_STYLE = Automatic;
				CURRENT_PROJECT_VERSION = 1;
				DEVELOPMENT_TEAM = 2USWXYKH94;
				GENERATE_INFOPLIST_FILE = YES;
				MARKETING_VERSION = 1.0;
				PRODUCT_BUNDLE_IDENTIFIER = "com.yakupatici.Project4-Swift100UITests";
				PRODUCT_NAME = "$(TARGET_NAME)";
				SWIFT_EMIT_LOC_STRINGS = NO;
				SWIFT_VERSION = 5.0;
				TARGETED_DEVICE_FAMILY = "1,2";
				TEST_TARGET_NAME = "Project4-Swift100";
			};
			name = Release;
		};
/* End XCBuildConfiguration section */

/* Begin XCConfigurationList section */
		F6F22F1C2A5D778400EAC27B /* Build configuration list for PBXProject "Project4-Swift100" */ = {
			isa = XCConfigurationList;
			buildConfigurations = (
				F6F22F4C2A5D778600EAC27B /* Debug */,
				F6F22F4D2A5D778600EAC27B /* Release */,
			);
			defaultConfigurationIsVisible = 0;
			defaultConfigurationName = Release;
		};
		F6F22F4E2A5D778600EAC27B /* Build configuration list for PBXNativeTarget "Project4-Swift100" */ = {
			isa = XCConfigurationList;
			buildConfigurations = (
				F6F22F4F2A5D778600EAC27B /* Debug */,
				F6F22F502A5D778600EAC27B /* Release */,
			);
			defaultConfigurationIsVisible = 0;
			defaultConfigurationName = Release;
		};
		F6F22F512A5D778600EAC27B /* Build configuration list for PBXNativeTarget "Project4-Swift100Tests" */ = {
			isa = XCConfigurationList;
			buildConfigurations = (
				F6F22F522A5D778600EAC27B /* Debug */,
				F6F22F532A5D778600EAC27B /* Release */,
			);
			defaultConfigurationIsVisible = 0;
			defaultConfigurationName = Release;
		};
		F6F22F542A5D778600EAC27B /* Build configuration list for PBXNativeTarget "Project4-Swift100UITests" */ = {
			isa = XCConfigurationList;
			buildConfigurations = (
				F6F22F552A5D778600EAC27B /* Debug */,
				F6F22F562A5D778600EAC27B /* Release */,
			);
			defaultConfigurationIsVisible = 0;
			defaultConfigurationName = Release;
		};
/* End XCConfigurationList section */

/* Begin XCVersionGroup section */
		F6F22F2D2A5D778500EAC27B /* Project4_Swift100.xcdatamodeld */ = {
			isa = XCVersionGroup;
			children = (
				F6F22F2E2A5D778500EAC27B /* Project4_Swift100.xcdatamodel */,
			);
			currentVersion = F6F22F2E2A5D778500EAC27B /* Project4_Swift100.xcdatamodel */;
			path = Project4_Swift100.xcdatamodeld;
			sourceTree = "<group>";
			versionGroupType = wrapper.xcdatamodel;
		};
/* End XCVersionGroup section */
	};
	rootObject = F6F22F192A5D778400EAC27B /* Project object */;
}
