// !$*UTF8*$!
{
	archiveVersion = 1;
	classes = {
	};
	objectVersion = 56;
	objects = {

/* Begin PBXBuildFile section */
		F63C6A272A5FFA1F000DC528 /* AppDelegate.swift in Sources */ = {isa = PBXBuildFile; fileRef = F63C6A262A5FFA1F000DC528 /* AppDelegate.swift */; };
		F63C6A292A5FFA1F000DC528 /* SceneDelegate.swift in Sources */ = {isa = PBXBuildFile; fileRef = F63C6A282A5FFA1F000DC528 /* SceneDelegate.swift */; };
		F63C6A2B2A5FFA1F000DC528 /* ViewController.swift in Sources */ = {isa = PBXBuildFile; fileRef = F63C6A2A2A5FFA1F000DC528 /* ViewController.swift */; };
		F63C6A2E2A5FFA1F000DC528 /* Main.storyboard in Resources */ = {isa = PBXBuildFile; fileRef = F63C6A2C2A5FFA1F000DC528 /* Main.storyboard */; };
		F63C6A312A5FFA1F000DC528 /* Project5.xcdatamodeld in Sources */ = {isa = PBXBuildFile; fileRef = F63C6A2F2A5FFA1F000DC528 /* Project5.xcdatamodeld */; };
		F63C6A332A5FFA20000DC528 /* Assets.xcassets in Resources */ = {isa = PBXBuildFile; fileRef = F63C6A322A5FFA20000DC528 /* Assets.xcassets */; };
		F63C6A362A5FFA20000DC528 /* LaunchScreen.storyboard in Resources */ = {isa = PBXBuildFile; fileRef = F63C6A342A5FFA20000DC528 /* LaunchScreen.storyboard */; };
		F63C6A412A5FFA20000DC528 /* Project5Tests.swift in Sources */ = {isa = PBXBuildFile; fileRef = F63C6A402A5FFA20000DC528 /* Project5Tests.swift */; };
		F63C6A4B2A5FFA20000DC528 /* Project5UITests.swift in Sources */ = {isa = PBXBuildFile; fileRef = F63C6A4A2A5FFA20000DC528 /* Project5UITests.swift */; };
		F63C6A4D2A5FFA20000DC528 /* Project5UITestsLaunchTests.swift in Sources */ = {isa = PBXBuildFile; fileRef = F63C6A4C2A5FFA20000DC528 /* Project5UITestsLaunchTests.swift */; };
		F63C6A5C2A5FFDD1000DC528 /* start.txt in Resources */ = {isa = PBXBuildFile; fileRef = F63C6A5B2A5FFDD1000DC528 /* start.txt */; };
/* End PBXBuildFile section */

/* Begin PBXContainerItemProxy section */
		F63C6A3D2A5FFA20000DC528 /* PBXContainerItemProxy */ = {
			isa = PBXContainerItemProxy;
			containerPortal = F63C6A1B2A5FFA1F000DC528 /* Project object */;
			proxyType = 1;
			remoteGlobalIDString = F63C6A222A5FFA1F000DC528;
			remoteInfo = Project5;
		};
		F63C6A472A5FFA20000DC528 /* PBXContainerItemProxy */ = {
			isa = PBXContainerItemProxy;
			containerPortal = F63C6A1B2A5FFA1F000DC528 /* Project object */;
			proxyType = 1;
			remoteGlobalIDString = F63C6A222A5FFA1F000DC528;
			remoteInfo = Project5;
		};
/* End PBXContainerItemProxy section */

/* Begin PBXFileReference section */
		F63C6A232A5FFA1F000DC528 /* Project5.app */ = {isa = PBXFileReference; explicitFileType = wrapper.application; includeInIndex = 0; path = Project5.app; sourceTree = BUILT_PRODUCTS_DIR; };
		F63C6A262A5FFA1F000DC528 /* AppDelegate.swift */ = {isa = PBXFileReference; lastKnownFileType = sourcecode.swift; path = AppDelegate.swift; sourceTree = "<group>"; };
		F63C6A282A5FFA1F000DC528 /* SceneDelegate.swift */ = {isa = PBXFileReference; lastKnownFileType = sourcecode.swift; path = SceneDelegate.swift; sourceTree = "<group>"; };
		F63C6A2A2A5FFA1F000DC528 /* ViewController.swift */ = {isa = PBXFileReference; lastKnownFileType = sourcecode.swift; path = ViewController.swift; sourceTree = "<group>"; };
		F63C6A2D2A5FFA1F000DC528 /* Base */ = {isa = PBXFileReference; lastKnownFileType = file.storyboard; name = Base; path = Base.lproj/Main.storyboard; sourceTree = "<group>"; };
		F63C6A302A5FFA1F000DC528 /* Project5.xcdatamodel */ = {isa = PBXFileReference; lastKnownFileType = wrapper.xcdatamodel; path = Project5.xcdatamodel; sourceTree = "<group>"; };
		F63C6A322A5FFA20000DC528 /* Assets.xcassets */ = {isa = PBXFileReference; lastKnownFileType = folder.assetcatalog; path = Assets.xcassets; sourceTree = "<group>"; };
		F63C6A352A5FFA20000DC528 /* Base */ = {isa = PBXFileReference; lastKnownFileType = file.storyboard; name = Base; path = Base.lproj/LaunchScreen.storyboard; sourceTree = "<group>"; };
		F63C6A372A5FFA20000DC528 /* Info.plist */ = {isa = PBXFileReference; lastKnownFileType = text.plist.xml; path = Info.plist; sourceTree = "<group>"; };
		F63C6A3C2A5FFA20000DC528 /* Project5Tests.xctest */ = {isa = PBXFileReference; explicitFileType = wrapper.cfbundle; includeInIndex = 0; path = Project5Tests.xctest; sourceTree = BUILT_PRODUCTS_DIR; };
		F63C6A402A5FFA20000DC528 /* Project5Tests.swift */ = {isa = PBXFileReference; lastKnownFileType = sourcecode.swift; path = Project5Tests.swift; sourceTree = "<group>"; };
		F63C6A462A5FFA20000DC528 /* Project5UITests.xctest */ = {isa = PBXFileReference; explicitFileType = wrapper.cfbundle; includeInIndex = 0; path = Project5UITests.xctest; sourceTree = BUILT_PRODUCTS_DIR; };
		F63C6A4A2A5FFA20000DC528 /* Project5UITests.swift */ = {isa = PBXFileReference; lastKnownFileType = sourcecode.swift; path = Project5UITests.swift; sourceTree = "<group>"; };
		F63C6A4C2A5FFA20000DC528 /* Project5UITestsLaunchTests.swift */ = {isa = PBXFileReference; lastKnownFileType = sourcecode.swift; path = Project5UITestsLaunchTests.swift; sourceTree = "<group>"; };
		F63C6A5B2A5FFDD1000DC528 /* start.txt */ = {isa = PBXFileReference; fileEncoding = 4; lastKnownFileType = text; path = start.txt; sourceTree = "<group>"; };
/* End PBXFileReference section */

/* Begin PBXFrameworksBuildPhase section */
		F63C6A202A5FFA1F000DC528 /* Frameworks */ = {
			isa = PBXFrameworksBuildPhase;
			buildActionMask = 2147483647;
			files = (
			);
			runOnlyForDeploymentPostprocessing = 0;
		};
		F63C6A392A5FFA20000DC528 /* Frameworks */ = {
			isa = PBXFrameworksBuildPhase;
			buildActionMask = 2147483647;
			files = (
			);
			runOnlyForDeploymentPostprocessing = 0;
		};
		F63C6A432A5FFA20000DC528 /* Frameworks */ = {
			isa = PBXFrameworksBuildPhase;
			buildActionMask = 2147483647;
			files = (
			);
			runOnlyForDeploymentPostprocessing = 0;
		};
/* End PBXFrameworksBuildPhase section */

/* Begin PBXGroup section */
		F63C6A1A2A5FFA1F000DC528 = {
			isa = PBXGroup;
			children = (
				F63C6A252A5FFA1F000DC528 /* Project5 */,
				F63C6A3F2A5FFA20000DC528 /* Project5Tests */,
				F63C6A492A5FFA20000DC528 /* Project5UITests */,
				F63C6A242A5FFA1F000DC528 /* Products */,
			);
			sourceTree = "<group>";
		};
		F63C6A242A5FFA1F000DC528 /* Products */ = {
			isa = PBXGroup;
			children = (
				F63C6A232A5FFA1F000DC528 /* Project5.app */,
				F63C6A3C2A5FFA20000DC528 /* Project5Tests.xctest */,
				F63C6A462A5FFA20000DC528 /* Project5UITests.xctest */,
			);
			name = Products;
			sourceTree = "<group>";
		};
		F63C6A252A5FFA1F000DC528 /* Project5 */ = {
			isa = PBXGroup;
			children = (
				F63C6A262A5FFA1F000DC528 /* AppDelegate.swift */,
				F63C6A282A5FFA1F000DC528 /* SceneDelegate.swift */,
				F63C6A2A2A5FFA1F000DC528 /* ViewController.swift */,
				F63C6A2C2A5FFA1F000DC528 /* Main.storyboard */,
				F63C6A322A5FFA20000DC528 /* Assets.xcassets */,
				F63C6A342A5FFA20000DC528 /* LaunchScreen.storyboard */,
				F63C6A5B2A5FFDD1000DC528 /* start.txt */,
				F63C6A372A5FFA20000DC528 /* Info.plist */,
				F63C6A2F2A5FFA1F000DC528 /* Project5.xcdatamodeld */,
			);
			path = Project5;
			sourceTree = "<group>";
		};
		F63C6A3F2A5FFA20000DC528 /* Project5Tests */ = {
			isa = PBXGroup;
			children = (
				F63C6A402A5FFA20000DC528 /* Project5Tests.swift */,
			);
			path = Project5Tests;
			sourceTree = "<group>";
		};
		F63C6A492A5FFA20000DC528 /* Project5UITests */ = {
			isa = PBXGroup;
			children = (
				F63C6A4A2A5FFA20000DC528 /* Project5UITests.swift */,
				F63C6A4C2A5FFA20000DC528 /* Project5UITestsLaunchTests.swift */,
			);
			path = Project5UITests;
			sourceTree = "<group>";
		};
/* End PBXGroup section */

/* Begin PBXNativeTarget section */
		F63C6A222A5FFA1F000DC528 /* Project5 */ = {
			isa = PBXNativeTarget;
			buildConfigurationList = F63C6A502A5FFA20000DC528 /* Build configuration list for PBXNativeTarget "Project5" */;
			buildPhases = (
				F63C6A1F2A5FFA1F000DC528 /* Sources */,
				F63C6A202A5FFA1F000DC528 /* Frameworks */,
				F63C6A212A5FFA1F000DC528 /* Resources */,
			);
			buildRules = (
			);
			dependencies = (
			);
			name = Project5;
			productName = Project5;
			productReference = F63C6A232A5FFA1F000DC528 /* Project5.app */;
			productType = "com.apple.product-type.application";
		};
		F63C6A3B2A5FFA20000DC528 /* Project5Tests */ = {
			isa = PBXNativeTarget;
			buildConfigurationList = F63C6A532A5FFA20000DC528 /* Build configuration list for PBXNativeTarget "Project5Tests" */;
			buildPhases = (
				F63C6A382A5FFA20000DC528 /* Sources */,
				F63C6A392A5FFA20000DC528 /* Frameworks */,
				F63C6A3A2A5FFA20000DC528 /* Resources */,
			);
			buildRules = (
			);
			dependencies = (
				F63C6A3E2A5FFA20000DC528 /* PBXTargetDependency */,
			);
			name = Project5Tests;
			productName = Project5Tests;
			productReference = F63C6A3C2A5FFA20000DC528 /* Project5Tests.xctest */;
			productType = "com.apple.product-type.bundle.unit-test";
		};
		F63C6A452A5FFA20000DC528 /* Project5UITests */ = {
			isa = PBXNativeTarget;
			buildConfigurationList = F63C6A562A5FFA20000DC528 /* Build configuration list for PBXNativeTarget "Project5UITests" */;
			buildPhases = (
				F63C6A422A5FFA20000DC528 /* Sources */,
				F63C6A432A5FFA20000DC528 /* Frameworks */,
				F63C6A442A5FFA20000DC528 /* Resources */,
			);
			buildRules = (
			);
			dependencies = (
				F63C6A482A5FFA20000DC528 /* PBXTargetDependency */,
			);
			name = Project5UITests;
			productName = Project5UITests;
			productReference = F63C6A462A5FFA20000DC528 /* Project5UITests.xctest */;
			productType = "com.apple.product-type.bundle.ui-testing";
		};
/* End PBXNativeTarget section */

/* Begin PBXProject section */
		F63C6A1B2A5FFA1F000DC528 /* Project object */ = {
			isa = PBXProject;
			attributes = {
				BuildIndependentTargetsInParallel = 1;
				LastSwiftUpdateCheck = 1430;
				LastUpgradeCheck = 1430;
				TargetAttributes = {
					F63C6A222A5FFA1F000DC528 = {
						CreatedOnToolsVersion = 14.3.1;
					};
					F63C6A3B2A5FFA20000DC528 = {
						CreatedOnToolsVersion = 14.3.1;
						TestTargetID = F63C6A222A5FFA1F000DC528;
					};
					F63C6A452A5FFA20000DC528 = {
						CreatedOnToolsVersion = 14.3.1;
						TestTargetID = F63C6A222A5FFA1F000DC528;
					};
				};
			};
			buildConfigurationList = F63C6A1E2A5FFA1F000DC528 /* Build configuration list for PBXProject "Project5" */;
			compatibilityVersion = "Xcode 14.0";
			developmentRegion = en;
			hasScannedForEncodings = 0;
			knownRegions = (
				en,
				Base,
			);
			mainGroup = F63C6A1A2A5FFA1F000DC528;
			productRefGroup = F63C6A242A5FFA1F000DC528 /* Products */;
			projectDirPath = "";
			projectRoot = "";
			targets = (
				F63C6A222A5FFA1F000DC528 /* Project5 */,
				F63C6A3B2A5FFA20000DC528 /* Project5Tests */,
				F63C6A452A5FFA20000DC528 /* Project5UITests */,
			);
		};
/* End PBXProject section */

/* Begin PBXResourcesBuildPhase section */
		F63C6A212A5FFA1F000DC528 /* Resources */ = {
			isa = PBXResourcesBuildPhase;
			buildActionMask = 2147483647;
			files = (
				F63C6A362A5FFA20000DC528 /* LaunchScreen.storyboard in Resources */,
				F63C6A5C2A5FFDD1000DC528 /* start.txt in Resources */,
				F63C6A332A5FFA20000DC528 /* Assets.xcassets in Resources */,
				F63C6A2E2A5FFA1F000DC528 /* Main.storyboard in Resources */,
			);
			runOnlyForDeploymentPostprocessing = 0;
		};
		F63C6A3A2A5FFA20000DC528 /* Resources */ = {
			isa = PBXResourcesBuildPhase;
			buildActionMask = 2147483647;
			files = (
			);
			runOnlyForDeploymentPostprocessing = 0;
		};
		F63C6A442A5FFA20000DC528 /* Resources */ = {
			isa = PBXResourcesBuildPhase;
			buildActionMask = 2147483647;
			files = (
			);
			runOnlyForDeploymentPostprocessing = 0;
		};
/* End PBXResourcesBuildPhase section */

/* Begin PBXSourcesBuildPhase section */
		F63C6A1F2A5FFA1F000DC528 /* Sources */ = {
			isa = PBXSourcesBuildPhase;
			buildActionMask = 2147483647;
			files = (
				F63C6A2B2A5FFA1F000DC528 /* ViewController.swift in Sources */,
				F63C6A312A5FFA1F000DC528 /* Project5.xcdatamodeld in Sources */,
				F63C6A272A5FFA1F000DC528 /* AppDelegate.swift in Sources */,
				F63C6A292A5FFA1F000DC528 /* SceneDelegate.swift in Sources */,
			);
			runOnlyForDeploymentPostprocessing = 0;
		};
		F63C6A382A5FFA20000DC528 /* Sources */ = {
			isa = PBXSourcesBuildPhase;
			buildActionMask = 2147483647;
			files = (
				F63C6A412A5FFA20000DC528 /* Project5Tests.swift in Sources */,
			);
			runOnlyForDeploymentPostprocessing = 0;
		};
		F63C6A422A5FFA20000DC528 /* Sources */ = {
			isa = PBXSourcesBuildPhase;
			buildActionMask = 2147483647;
			files = (
				F63C6A4D2A5FFA20000DC528 /* Project5UITestsLaunchTests.swift in Sources */,
				F63C6A4B2A5FFA20000DC528 /* Project5UITests.swift in Sources */,
			);
			runOnlyForDeploymentPostprocessing = 0;
		};
/* End PBXSourcesBuildPhase section */

/* Begin PBXTargetDependency section */
		F63C6A3E2A5FFA20000DC528 /* PBXTargetDependency */ = {
			isa = PBXTargetDependency;
			target = F63C6A222A5FFA1F000DC528 /* Project5 */;
			targetProxy = F63C6A3D2A5FFA20000DC528 /* PBXContainerItemProxy */;
		};
		F63C6A482A5FFA20000DC528 /* PBXTargetDependency */ = {
			isa = PBXTargetDependency;
			target = F63C6A222A5FFA1F000DC528 /* Project5 */;
			targetProxy = F63C6A472A5FFA20000DC528 /* PBXContainerItemProxy */;
		};
/* End PBXTargetDependency section */

/* Begin PBXVariantGroup section */
		F63C6A2C2A5FFA1F000DC528 /* Main.storyboard */ = {
			isa = PBXVariantGroup;
			children = (
				F63C6A2D2A5FFA1F000DC528 /* Base */,
			);
			name = Main.storyboard;
			sourceTree = "<group>";
		};
		F63C6A342A5FFA20000DC528 /* LaunchScreen.storyboard */ = {
			isa = PBXVariantGroup;
			children = (
				F63C6A352A5FFA20000DC528 /* Base */,
			);
			name = LaunchScreen.storyboard;
			sourceTree = "<group>";
		};
/* End PBXVariantGroup section */

/* Begin XCBuildConfiguration section */
		F63C6A4E2A5FFA20000DC528 /* Debug */ = {
			isa = XCBuildConfiguration;
			buildSettings = {
				ALWAYS_SEARCH_USER_PATHS = NO;
				CLANG_ANALYZER_NONNULL = YES;
				CLANG_ANALYZER_NUMBER_OBJECT_CONVERSION = YES_AGGRESSIVE;
				CLANG_CXX_LANGUAGE_STANDARD = "gnu++20";
				CLANG_ENABLE_MODULES = YES;
				CLANG_ENABLE_OBJC_ARC = YES;
				CLANG_ENABLE_OBJC_WEAK = YES;
				CLANG_WARN_BLOCK_CAPTURE_AUTORELEASING = YES;
				CLANG_WARN_BOOL_CONVERSION = YES;
				CLANG_WARN_COMMA = YES;
				CLANG_WARN_CONSTANT_CONVERSION = YES;
				CLANG_WARN_DEPRECATED_OBJC_IMPLEMENTATIONS = YES;
				CLANG_WARN_DIRECT_OBJC_ISA_USAGE = YES_ERROR;
				CLANG_WARN_DOCUMENTATION_COMMENTS = YES;
				CLANG_WARN_EMPTY_BODY = YES;
				CLANG_WARN_ENUM_CONVERSION = YES;
				CLANG_WARN_INFINITE_RECURSION = YES;
				CLANG_WARN_INT_CONVERSION = YES;
				CLANG_WARN_NON_LITERAL_NULL_CONVERSION = YES;
				CLANG_WARN_OBJC_IMPLICIT_RETAIN_SELF = YES;
				CLANG_WARN_OBJC_LITERAL_CONVERSION = YES;
				CLANG_WARN_OBJC_ROOT_CLASS = YES_ERROR;
				CLANG_WARN_QUOTED_INCLUDE_IN_FRAMEWORK_HEADER = YES;
				CLANG_WARN_RANGE_LOOP_ANALYSIS = YES;
				CLANG_WARN_STRICT_PROTOTYPES = YES;
				CLANG_WARN_SUSPICIOUS_MOVE = YES;
				CLANG_WARN_UNGUARDED_AVAILABILITY = YES_AGGRESSIVE;
				CLANG_WARN_UNREACHABLE_CODE = YES;
				CLANG_WARN__DUPLICATE_METHOD_MATCH = YES;
				COPY_PHASE_STRIP = NO;
				DEBUG_INFORMATION_FORMAT = dwarf;
				ENABLE_STRICT_OBJC_MSGSEND = YES;
				ENABLE_TESTABILITY = YES;
				GCC_C_LANGUAGE_STANDARD = gnu11;
				GCC_DYNAMIC_NO_PIC = NO;
				GCC_NO_COMMON_BLOCKS = YES;
				GCC_OPTIMIZATION_LEVEL = 0;
				GCC_PREPROCESSOR_DEFINITIONS = (
					"DEBUG=1",
					"$(inherited)",
				);
				GCC_WARN_64_TO_32_BIT_CONVERSION = YES;
				GCC_WARN_ABOUT_RETURN_TYPE = YES_ERROR;
				GCC_WARN_UNDECLARED_SELECTOR = YES;
				GCC_WARN_UNINITIALIZED_AUTOS = YES_AGGRESSIVE;
				GCC_WARN_UNUSED_FUNCTION = YES;
				GCC_WARN_UNUSED_VARIABLE = YES;
				IPHONEOS_DEPLOYMENT_TARGET = 16.4;
				MTL_ENABLE_DEBUG_INFO = INCLUDE_SOURCE;
				MTL_FAST_MATH = YES;
				ONLY_ACTIVE_ARCH = YES;
				SDKROOT = iphoneos;
				SWIFT_ACTIVE_COMPILATION_CONDITIONS = DEBUG;
				SWIFT_OPTIMIZATION_LEVEL = "-Onone";
			};
			name = Debug;
		};
		F63C6A4F2A5FFA20000DC528 /* Release */ = {
			isa = XCBuildConfiguration;
			buildSettings = {
				ALWAYS_SEARCH_USER_PATHS = NO;
				CLANG_ANALYZER_NONNULL = YES;
				CLANG_ANALYZER_NUMBER_OBJECT_CONVERSION = YES_AGGRESSIVE;
				CLANG_CXX_LANGUAGE_STANDARD = "gnu++20";
				CLANG_ENABLE_MODULES = YES;
				CLANG_ENABLE_OBJC_ARC = YES;
				CLANG_ENABLE_OBJC_WEAK = YES;
				CLANG_WARN_BLOCK_CAPTURE_AUTORELEASING = YES;
				CLANG_WARN_BOOL_CONVERSION = YES;
				CLANG_WARN_COMMA = YES;
				CLANG_WARN_CONSTANT_CONVERSION = YES;
				CLANG_WARN_DEPRECATED_OBJC_IMPLEMENTATIONS = YES;
				CLANG_WARN_DIRECT_OBJC_ISA_USAGE = YES_ERROR;
				CLANG_WARN_DOCUMENTATION_COMMENTS = YES;
				CLANG_WARN_EMPTY_BODY = YES;
				CLANG_WARN_ENUM_CONVERSION = YES;
				CLANG_WARN_INFINITE_RECURSION = YES;
				CLANG_WARN_INT_CONVERSION = YES;
				CLANG_WARN_NON_LITERAL_NULL_CONVERSION = YES;
				CLANG_WARN_OBJC_IMPLICIT_RETAIN_SELF = YES;
				CLANG_WARN_OBJC_LITERAL_CONVERSION = YES;
				CLANG_WARN_OBJC_ROOT_CLASS = YES_ERROR;
				CLANG_WARN_QUOTED_INCLUDE_IN_FRAMEWORK_HEADER = YES;
				CLANG_WARN_RANGE_LOOP_ANALYSIS = YES;
				CLANG_WARN_STRICT_PROTOTYPES = YES;
				CLANG_WARN_SUSPICIOUS_MOVE = YES;
				CLANG_WARN_UNGUARDED_AVAILABILITY = YES_AGGRESSIVE;
				CLANG_WARN_UNREACHABLE_CODE = YES;
				CLANG_WARN__DUPLICATE_METHOD_MATCH = YES;
				COPY_PHASE_STRIP = NO;
				DEBUG_INFORMATION_FORMAT = "dwarf-with-dsym";
				ENABLE_NS_ASSERTIONS = NO;
				ENABLE_STRICT_OBJC_MSGSEND = YES;
				GCC_C_LANGUAGE_STANDARD = gnu11;
				GCC_NO_COMMON_BLOCKS = YES;
				GCC_WARN_64_TO_32_BIT_CONVERSION = YES;
				GCC_WARN_ABOUT_RETURN_TYPE = YES_ERROR;
				GCC_WARN_UNDECLARED_SELECTOR = YES;
				GCC_WARN_UNINITIALIZED_AUTOS = YES_AGGRESSIVE;
				GCC_WARN_UNUSED_FUNCTION = YES;
				GCC_WARN_UNUSED_VARIABLE = YES;
				IPHONEOS_DEPLOYMENT_TARGET = 16.4;
				MTL_ENABLE_DEBUG_INFO = NO;
				MTL_FAST_MATH = YES;
				SDKROOT = iphoneos;
				SWIFT_COMPILATION_MODE = wholemodule;
				SWIFT_OPTIMIZATION_LEVEL = "-O";
				VALIDATE_PRODUCT = YES;
			};
			name = Release;
		};
		F63C6A512A5FFA20000DC528 /* Debug */ = {
			isa = XCBuildConfiguration;
			buildSettings = {
				ASSETCATALOG_COMPILER_APPICON_NAME = AppIcon;
				ASSETCATALOG_COMPILER_GLOBAL_ACCENT_COLOR_NAME = AccentColor;
				CODE_SIGN_STYLE = Automatic;
				CURRENT_PROJECT_VERSION = 1;
				DEVELOPMENT_TEAM = 2USWXYKH94;
				GENERATE_INFOPLIST_FILE = YES;
				INFOPLIST_FILE = Project5/Info.plist;
				INFOPLIST_KEY_UIApplicationSupportsIndirectInputEvents = YES;
				INFOPLIST_KEY_UILaunchStoryboardName = LaunchScreen;
				INFOPLIST_KEY_UIMainStoryboardFile = Main;
				INFOPLIST_KEY_UISupportedInterfaceOrientations_iPad = "UIInterfaceOrientationPortrait UIInterfaceOrientationPortraitUpsideDown UIInterfaceOrientationLandscapeLeft UIInterfaceOrientationLandscapeRight";
				INFOPLIST_KEY_UISupportedInterfaceOrientations_iPhone = "UIInterfaceOrientationPortrait UIInterfaceOrientationLandscapeLeft UIInterfaceOrientationLandscapeRight";
				LD_RUNPATH_SEARCH_PATHS = (
					"$(inherited)",
					"@executable_path/Frameworks",
				);
				MARKETING_VERSION = 1.0;
				PRODUCT_BUNDLE_IDENTIFIER = com.yakupatici.Project5;
				PRODUCT_NAME = "$(TARGET_NAME)";
				SWIFT_EMIT_LOC_STRINGS = YES;
				SWIFT_VERSION = 5.0;
				TARGETED_DEVICE_FAMILY = "1,2";
			};
			name = Debug;
		};
		F63C6A522A5FFA20000DC528 /* Release */ = {
			isa = XCBuildConfiguration;
			buildSettings = {
				ASSETCATALOG_COMPILER_APPICON_NAME = AppIcon;
				ASSETCATALOG_COMPILER_GLOBAL_ACCENT_COLOR_NAME = AccentColor;
				CODE_SIGN_STYLE = Automatic;
				CURRENT_PROJECT_VERSION = 1;
				DEVELOPMENT_TEAM = 2USWXYKH94;
				GENERATE_INFOPLIST_FILE = YES;
				INFOPLIST_FILE = Project5/Info.plist;
				INFOPLIST_KEY_UIApplicationSupportsIndirectInputEvents = YES;
				INFOPLIST_KEY_UILaunchStoryboardName = LaunchScreen;
				INFOPLIST_KEY_UIMainStoryboardFile = Main;
				INFOPLIST_KEY_UISupportedInterfaceOrientations_iPad = "UIInterfaceOrientationPortrait UIInterfaceOrientationPortraitUpsideDown UIInterfaceOrientationLandscapeLeft UIInterfaceOrientationLandscapeRight";
				INFOPLIST_KEY_UISupportedInterfaceOrientations_iPhone = "UIInterfaceOrientationPortrait UIInterfaceOrientationLandscapeLeft UIInterfaceOrientationLandscapeRight";
				LD_RUNPATH_SEARCH_PATHS = (
					"$(inherited)",
					"@executable_path/Frameworks",
				);
				MARKETING_VERSION = 1.0;
				PRODUCT_BUNDLE_IDENTIFIER = com.yakupatici.Project5;
				PRODUCT_NAME = "$(TARGET_NAME)";
				SWIFT_EMIT_LOC_STRINGS = YES;
				SWIFT_VERSION = 5.0;
				TARGETED_DEVICE_FAMILY = "1,2";
			};
			name = Release;
		};
		F63C6A542A5FFA20000DC528 /* Debug */ = {
			isa = XCBuildConfiguration;
			buildSettings = {
				ALWAYS_EMBED_SWIFT_STANDARD_LIBRARIES = YES;
				BUNDLE_LOADER = "$(TEST_HOST)";
				CODE_SIGN_STYLE = Automatic;
				CURRENT_PROJECT_VERSION = 1;
				DEVELOPMENT_TEAM = 2USWXYKH94;
				GENERATE_INFOPLIST_FILE = YES;
				IPHONEOS_DEPLOYMENT_TARGET = 16.4;
				MARKETING_VERSION = 1.0;
				PRODUCT_BUNDLE_IDENTIFIER = com.yakupatici.Project5Tests;
				PRODUCT_NAME = "$(TARGET_NAME)";
				SWIFT_EMIT_LOC_STRINGS = NO;
				SWIFT_VERSION = 5.0;
				TARGETED_DEVICE_FAMILY = "1,2";
				TEST_HOST = "$(BUILT_PRODUCTS_DIR)/Project5.app/$(BUNDLE_EXECUTABLE_FOLDER_PATH)/Project5";
			};
			name = Debug;
		};
		F63C6A552A5FFA20000DC528 /* Release */ = {
			isa = XCBuildConfiguration;
			buildSettings = {
				ALWAYS_EMBED_SWIFT_STANDARD_LIBRARIES = YES;
				BUNDLE_LOADER = "$(TEST_HOST)";
				CODE_SIGN_STYLE = Automatic;
				CURRENT_PROJECT_VERSION = 1;
				DEVELOPMENT_TEAM = 2USWXYKH94;
				GENERATE_INFOPLIST_FILE = YES;
				IPHONEOS_DEPLOYMENT_TARGET = 16.4;
				MARKETING_VERSION = 1.0;
				PRODUCT_BUNDLE_IDENTIFIER = com.yakupatici.Project5Tests;
				PRODUCT_NAME = "$(TARGET_NAME)";
				SWIFT_EMIT_LOC_STRINGS = NO;
				SWIFT_VERSION = 5.0;
				TARGETED_DEVICE_FAMILY = "1,2";
				TEST_HOST = "$(BUILT_PRODUCTS_DIR)/Project5.app/$(BUNDLE_EXECUTABLE_FOLDER_PATH)/Project5";
			};
			name = Release;
		};
		F63C6A572A5FFA20000DC528 /* Debug */ = {
			isa = XCBuildConfiguration;
			buildSettings = {
				ALWAYS_EMBED_SWIFT_STANDARD_LIBRARIES = YES;
				CODE_SIGN_STYLE = Automatic;
				CURRENT_PROJECT_VERSION = 1;
				DEVELOPMENT_TEAM = 2USWXYKH94;
				GENERATE_INFOPLIST_FILE = YES;
				MARKETING_VERSION = 1.0;
				PRODUCT_BUNDLE_IDENTIFIER = com.yakupatici.Project5UITests;
				PRODUCT_NAME = "$(TARGET_NAME)";
				SWIFT_EMIT_LOC_STRINGS = NO;
				SWIFT_VERSION = 5.0;
				TARGETED_DEVICE_FAMILY = "1,2";
				TEST_TARGET_NAME = Project5;
			};
			name = Debug;
		};
		F63C6A582A5FFA20000DC528 /* Release */ = {
			isa = XCBuildConfiguration;
			buildSettings = {
				ALWAYS_EMBED_SWIFT_STANDARD_LIBRARIES = YES;
				CODE_SIGN_STYLE = Automatic;
				CURRENT_PROJECT_VERSION = 1;
				DEVELOPMENT_TEAM = 2USWXYKH94;
				GENERATE_INFOPLIST_FILE = YES;
				MARKETING_VERSION = 1.0;
				PRODUCT_BUNDLE_IDENTIFIER = com.yakupatici.Project5UITests;
				PRODUCT_NAME = "$(TARGET_NAME)";
				SWIFT_EMIT_LOC_STRINGS = NO;
				SWIFT_VERSION = 5.0;
				TARGETED_DEVICE_FAMILY = "1,2";
				TEST_TARGET_NAME = Project5;
			};
			name = Release;
		};
/* End XCBuildConfiguration section */

/* Begin XCConfigurationList section */
		F63C6A1E2A5FFA1F000DC528 /* Build configuration list for PBXProject "Project5" */ = {
			isa = XCConfigurationList;
			buildConfigurations = (
				F63C6A4E2A5FFA20000DC528 /* Debug */,
				F63C6A4F2A5FFA20000DC528 /* Release */,
			);
			defaultConfigurationIsVisible = 0;
			defaultConfigurationName = Release;
		};
		F63C6A502A5FFA20000DC528 /* Build configuration list for PBXNativeTarget "Project5" */ = {
			isa = XCConfigurationList;
			buildConfigurations = (
				F63C6A512A5FFA20000DC528 /* Debug */,
				F63C6A522A5FFA20000DC528 /* Release */,
			);
			defaultConfigurationIsVisible = 0;
			defaultConfigurationName = Release;
		};
		F63C6A532A5FFA20000DC528 /* Build configuration list for PBXNativeTarget "Project5Tests" */ = {
			isa = XCConfigurationList;
			buildConfigurations = (
				F63C6A542A5FFA20000DC528 /* Debug */,
				F63C6A552A5FFA20000DC528 /* Release */,
			);
			defaultConfigurationIsVisible = 0;
			defaultConfigurationName = Release;
		};
		F63C6A562A5FFA20000DC528 /* Build configuration list for PBXNativeTarget "Project5UITests" */ = {
			isa = XCConfigurationList;
			buildConfigurations = (
				F63C6A572A5FFA20000DC528 /* Debug */,
				F63C6A582A5FFA20000DC528 /* Release */,
			);
			defaultConfigurationIsVisible = 0;
			defaultConfigurationName = Release;
		};
/* End XCConfigurationList section */

/* Begin XCVersionGroup section */
		F63C6A2F2A5FFA1F000DC528 /* Project5.xcdatamodeld */ = {
			isa = XCVersionGroup;
			children = (
				F63C6A302A5FFA1F000DC528 /* Project5.xcdatamodel */,
			);
			currentVersion = F63C6A302A5FFA1F000DC528 /* Project5.xcdatamodel */;
			path = Project5.xcdatamodeld;
			sourceTree = "<group>";
			versionGroupType = wrapper.xcdatamodel;
		};
/* End XCVersionGroup section */
	};
	rootObject = F63C6A1B2A5FFA1F000DC528 /* Project object */;
}
